// !$*UTF8*$!
{
	archiveVersion = 1;
	classes = {
	};
	objectVersion = 56;
	objects = {

/* Begin PBXBuildFile section */
		150B44AF9281A9CDD583E062 /* Pods_Diploma.framework in Frameworks */ = {isa = PBXBuildFile; fileRef = 60F10E77D4492EFD5C5E9EE6 /* Pods_Diploma.framework */; };
		231B16AD29E93B63000D2525 /* MapAddAddress.swift in Sources */ = {isa = PBXBuildFile; fileRef = 231B16AC29E93B63000D2525 /* MapAddAddress.swift */; };
		231B16B329E94072000D2525 /* AddAddressViewModel.swift in Sources */ = {isa = PBXBuildFile; fileRef = 231B16B229E94072000D2525 /* AddAddressViewModel.swift */; };
		231B16B529E941D5000D2525 /* SearchTextField.swift in Sources */ = {isa = PBXBuildFile; fileRef = 231B16B429E941D5000D2525 /* SearchTextField.swift */; };
		231B16B729E99AA8000D2525 /* CustomAnnotationView.swift in Sources */ = {isa = PBXBuildFile; fileRef = 231B16B629E99AA8000D2525 /* CustomAnnotationView.swift */; };
		231B16B929ED84CE000D2525 /* AddImageView.swift in Sources */ = {isa = PBXBuildFile; fileRef = 231B16B829ED84CE000D2525 /* AddImageView.swift */; };
		231B16BB29ED86C5000D2525 /* AddImageViewModel.swift in Sources */ = {isa = PBXBuildFile; fileRef = 231B16BA29ED86C5000D2525 /* AddImageViewModel.swift */; };
		231B16BD29ED8755000D2525 /* EventImages.swift in Sources */ = {isa = PBXBuildFile; fileRef = 231B16BC29ED8755000D2525 /* EventImages.swift */; };
		231B16BF29ED904C000D2525 /* PhotoPickerImages.swift in Sources */ = {isa = PBXBuildFile; fileRef = 231B16BE29ED904C000D2525 /* PhotoPickerImages.swift */; };
		231B16C12A0151A3000D2525 /* AuthorizationService.swift in Sources */ = {isa = PBXBuildFile; fileRef = 231B16C02A0151A3000D2525 /* AuthorizationService.swift */; };
		231B16C32A015288000D2525 /* ResponseAuthorization.swift in Sources */ = {isa = PBXBuildFile; fileRef = 231B16C22A015288000D2525 /* ResponseAuthorization.swift */; };
		231B16C52A0153AF000D2525 /* RequestLogin.swift in Sources */ = {isa = PBXBuildFile; fileRef = 231B16C42A0153AF000D2525 /* RequestLogin.swift */; };
		231B16C82A02620F000D2525 /* RequestRegistration.swift in Sources */ = {isa = PBXBuildFile; fileRef = 231B16C72A02620F000D2525 /* RequestRegistration.swift */; };
		231B16CA2A029047000D2525 /* EventService.swift in Sources */ = {isa = PBXBuildFile; fileRef = 231B16C92A029047000D2525 /* EventService.swift */; };
		231B16CC2A0291C3000D2525 /* ResponseEvent.swift in Sources */ = {isa = PBXBuildFile; fileRef = 231B16CB2A0291C3000D2525 /* ResponseEvent.swift */; };
		232C3D1B2A09520F00556116 /* DateAndPlaceConfigurator.swift in Sources */ = {isa = PBXBuildFile; fileRef = 232C3D1A2A09520F00556116 /* DateAndPlaceConfigurator.swift */; };
		232C3D1E2A09551200556116 /* UserRequest.swift in Sources */ = {isa = PBXBuildFile; fileRef = 232C3D1D2A09551200556116 /* UserRequest.swift */; };
		23DA2F5F29D6C53A0098239F /* DrawShape.swift in Sources */ = {isa = PBXBuildFile; fileRef = 23DA2F5E29D6C53A0098239F /* DrawShape.swift */; };
		23DA2F6129D6C59F0098239F /* ValueDiagram.swift in Sources */ = {isa = PBXBuildFile; fileRef = 23DA2F6029D6C59F0098239F /* ValueDiagram.swift */; };
		23DA2F6329D6C8C80098239F /* InfoTag.swift in Sources */ = {isa = PBXBuildFile; fileRef = 23DA2F6229D6C8C80098239F /* InfoTag.swift */; };
		23DA2F6529D6DA7D0098239F /* AddEventViewModel.swift in Sources */ = {isa = PBXBuildFile; fileRef = 23DA2F6429D6DA7D0098239F /* AddEventViewModel.swift */; };
		23DA2F6729D6DDEA0098239F /* MiniDiagram.swift in Sources */ = {isa = PBXBuildFile; fileRef = 23DA2F6629D6DDEA0098239F /* MiniDiagram.swift */; };
		23DA2F6B29D721770098239F /* ExtensionRoundedCorner.swift in Sources */ = {isa = PBXBuildFile; fileRef = 23DA2F6A29D721770098239F /* ExtensionRoundedCorner.swift */; };
		23E5A23A29D5788B003C96C8 /* StatisticViewModel.swift in Sources */ = {isa = PBXBuildFile; fileRef = 23E5A23929D5788B003C96C8 /* StatisticViewModel.swift */; };
		23E5A23F29D5894D003C96C8 /* AddEventView.swift in Sources */ = {isa = PBXBuildFile; fileRef = 23E5A23E29D5894D003C96C8 /* AddEventView.swift */; };
		23E5A24129D58A64003C96C8 /* Event.swift in Sources */ = {isa = PBXBuildFile; fileRef = 23E5A24029D58A64003C96C8 /* Event.swift */; };
		23E5A24329D5A6B4003C96C8 /* AddTag.swift in Sources */ = {isa = PBXBuildFile; fileRef = 23E5A24229D5A6B4003C96C8 /* AddTag.swift */; };
		23E5A24529D5CADD003C96C8 /* AddAddressView.swift in Sources */ = {isa = PBXBuildFile; fileRef = 23E5A24429D5CADD003C96C8 /* AddAddressView.swift */; };
		23ECAB2329DEA244003AA006 /* CalendarView.swift in Sources */ = {isa = PBXBuildFile; fileRef = 23ECAB2229DEA244003AA006 /* CalendarView.swift */; };
		23ECAB2529DEAF79003AA006 /* DateValue.swift in Sources */ = {isa = PBXBuildFile; fileRef = 23ECAB2429DEAF79003AA006 /* DateValue.swift */; };
		23F9061829D483AD0034EAB3 /* StatisticView.swift in Sources */ = {isa = PBXBuildFile; fileRef = 23F9061729D483AD0034EAB3 /* StatisticView.swift */; };
		23FA39F02A03AFF600DEFB0C /* CustomImageData.swift in Sources */ = {isa = PBXBuildFile; fileRef = 23FA39EF2A03AFF600DEFB0C /* CustomImageData.swift */; };
		23FA39F22A050A5D00DEFB0C /* UserService.swift in Sources */ = {isa = PBXBuildFile; fileRef = 23FA39F12A050A5D00DEFB0C /* UserService.swift */; };
		23FA39F42A050AED00DEFB0C /* ResponseUser.swift in Sources */ = {isa = PBXBuildFile; fileRef = 23FA39F32A050AED00DEFB0C /* ResponseUser.swift */; };
		9946718229C4885800DD1D49 /* TabButton.swift in Sources */ = {isa = PBXBuildFile; fileRef = 9946718129C4885800DD1D49 /* TabButton.swift */; };
		99487F2D29C3481E003ADBAA /* StartView.swift in Sources */ = {isa = PBXBuildFile; fileRef = 99487F2C29C3481E003ADBAA /* StartView.swift */; };
		996154A429C207C100A5095F /* ExtensionSizeScreen.swift in Sources */ = {isa = PBXBuildFile; fileRef = 996154A329C207C100A5095F /* ExtensionSizeScreen.swift */; };
		996154A729C2091200A5095F /* CustomBackgroundButton.swift in Sources */ = {isa = PBXBuildFile; fileRef = 996154A629C2091200A5095F /* CustomBackgroundButton.swift */; };
		996154A929C20F0300A5095F /* CustomBorderButton.swift in Sources */ = {isa = PBXBuildFile; fileRef = 996154A829C20F0300A5095F /* CustomBorderButton.swift */; };
		996154AB29C213CB00A5095F /* LoginView.swift in Sources */ = {isa = PBXBuildFile; fileRef = 996154AA29C213CB00A5095F /* LoginView.swift */; };
		996154AD29C213D500A5095F /* RegistrationView.swift in Sources */ = {isa = PBXBuildFile; fileRef = 996154AC29C213D500A5095F /* RegistrationView.swift */; };
		996154AF29C2140F00A5095F /* DismissButton.swift in Sources */ = {isa = PBXBuildFile; fileRef = 996154AE29C2140F00A5095F /* DismissButton.swift */; };
		996154B129C2198D00A5095F /* CustomBackgroundTextField.swift in Sources */ = {isa = PBXBuildFile; fileRef = 996154B029C2198D00A5095F /* CustomBackgroundTextField.swift */; };
		996154B329C219F300A5095F /* LoginViewModel.swift in Sources */ = {isa = PBXBuildFile; fileRef = 996154B229C219F300A5095F /* LoginViewModel.swift */; };
		996154B529C21D0500A5095F /* CustomPasswordTextField.swift in Sources */ = {isa = PBXBuildFile; fileRef = 996154B429C21D0500A5095F /* CustomPasswordTextField.swift */; };
		996154B729C227FF00A5095F /* RegistrationViewModel.swift in Sources */ = {isa = PBXBuildFile; fileRef = 996154B629C227FF00A5095F /* RegistrationViewModel.swift */; };
		9963A0E529C0ADDA00D0B255 /* DiplomaApp.swift in Sources */ = {isa = PBXBuildFile; fileRef = 9963A0E429C0ADDA00D0B255 /* DiplomaApp.swift */; };
		9963A0E729C0ADDA00D0B255 /* SplashScreen.swift in Sources */ = {isa = PBXBuildFile; fileRef = 9963A0E629C0ADDA00D0B255 /* SplashScreen.swift */; };
		9963A0E929C0ADDC00D0B255 /* Assets.xcassets in Resources */ = {isa = PBXBuildFile; fileRef = 9963A0E829C0ADDC00D0B255 /* Assets.xcassets */; };
		9963A0EC29C0ADDC00D0B255 /* Preview Assets.xcassets in Resources */ = {isa = PBXBuildFile; fileRef = 9963A0EB29C0ADDC00D0B255 /* Preview Assets.xcassets */; };
		9963A0F629C0ADDC00D0B255 /* DiplomaTests.swift in Sources */ = {isa = PBXBuildFile; fileRef = 9963A0F529C0ADDC00D0B255 /* DiplomaTests.swift */; };
		9963A10029C0ADDC00D0B255 /* DiplomaUITests.swift in Sources */ = {isa = PBXBuildFile; fileRef = 9963A0FF29C0ADDC00D0B255 /* DiplomaUITests.swift */; };
		9963A10229C0ADDC00D0B255 /* DiplomaUITestsLaunchTests.swift in Sources */ = {isa = PBXBuildFile; fileRef = 9963A10129C0ADDC00D0B255 /* DiplomaUITestsLaunchTests.swift */; };
		9963A10F29C0BE4D00D0B255 /* EventView.swift in Sources */ = {isa = PBXBuildFile; fileRef = 9963A10E29C0BE4D00D0B255 /* EventView.swift */; };
		99A4B66C29C4B35D004F4BDB /* VisitedEvents.swift in Sources */ = {isa = PBXBuildFile; fileRef = 99A4B66B29C4B35D004F4BDB /* VisitedEvents.swift */; };
		99B1B3A929C35EB000C70FD1 /* MainViewModel.swift in Sources */ = {isa = PBXBuildFile; fileRef = 99B1B3A829C35EB000C70FD1 /* MainViewModel.swift */; };
		99B1B3AB29C3613F00C70FD1 /* TagEvent.swift in Sources */ = {isa = PBXBuildFile; fileRef = 99B1B3AA29C3613F00C70FD1 /* TagEvent.swift */; };
		99B1B3AD29C372F900C70FD1 /* CardEvent.swift in Sources */ = {isa = PBXBuildFile; fileRef = 99B1B3AC29C372F900C70FD1 /* CardEvent.swift */; };
		99B1B3AF29C3739300C70FD1 /* CardEventInfo.swift in Sources */ = {isa = PBXBuildFile; fileRef = 99B1B3AE29C3739300C70FD1 /* CardEventInfo.swift */; };
		99B1B3B429C4479000C70FD1 /* TagCard.swift in Sources */ = {isa = PBXBuildFile; fileRef = 99B1B3B329C4479000C70FD1 /* TagCard.swift */; };
		99B1B3B629C449CF00C70FD1 /* Mock.swift in Sources */ = {isa = PBXBuildFile; fileRef = 99B1B3B529C449CF00C70FD1 /* Mock.swift */; };
		99B1B3B829C44C6100C70FD1 /* CustomAsyncImage.swift in Sources */ = {isa = PBXBuildFile; fileRef = 99B1B3B729C44C6100C70FD1 /* CustomAsyncImage.swift */; };
		99B1B3BB29C44CD100C70FD1 /* ImageLoaderService.swift in Sources */ = {isa = PBXBuildFile; fileRef = 99B1B3BA29C44CD100C70FD1 /* ImageLoaderService.swift */; };
		99B1B3BD29C46CB800C70FD1 /* MainTabView.swift in Sources */ = {isa = PBXBuildFile; fileRef = 99B1B3BC29C46CB800C70FD1 /* MainTabView.swift */; };
		99B3C56729C30E6300FC581D /* BottomSheetView.swift in Sources */ = {isa = PBXBuildFile; fileRef = 99B3C56629C30E6300FC581D /* BottomSheetView.swift */; };
		99B3C56929C319E400FC581D /* CustomCommonTextField.swift in Sources */ = {isa = PBXBuildFile; fileRef = 99B3C56829C319E400FC581D /* CustomCommonTextField.swift */; };
		99B3C56B29C3240100FC581D /* CustomDropDown.swift in Sources */ = {isa = PBXBuildFile; fileRef = 99B3C56A29C3240100FC581D /* CustomDropDown.swift */; };
		99B578DB29C839DE001B9E77 /* Map.swift in Sources */ = {isa = PBXBuildFile; fileRef = 99B578DA29C839DE001B9E77 /* Map.swift */; };
		99B578DD29C84683001B9E77 /* MapViewModel.swift in Sources */ = {isa = PBXBuildFile; fileRef = 99B578DC29C84683001B9E77 /* MapViewModel.swift */; };
		99B578DF29C84727001B9E77 /* MainMapView.swift in Sources */ = {isa = PBXBuildFile; fileRef = 99B578DE29C84727001B9E77 /* MainMapView.swift */; };
		99B578E129C85EF5001B9E77 /* Place.swift in Sources */ = {isa = PBXBuildFile; fileRef = 99B578E029C85EF5001B9E77 /* Place.swift */; };
		99B578E329C87126001B9E77 /* ProfileEditView.swift in Sources */ = {isa = PBXBuildFile; fileRef = 99B578E229C87126001B9E77 /* ProfileEditView.swift */; };
		99B578E529C884D4001B9E77 /* PhotoPicker.swift in Sources */ = {isa = PBXBuildFile; fileRef = 99B578E429C884D4001B9E77 /* PhotoPicker.swift */; };
		99C625D729C0CEDA005C5801 /* AuthorizationView.swift in Sources */ = {isa = PBXBuildFile; fileRef = 99C625D629C0CEDA005C5801 /* AuthorizationView.swift */; };
		99CAF3B329CB3B6F00322736 /* CustomCommonEditTextField.swift in Sources */ = {isa = PBXBuildFile; fileRef = 99CAF3B229CB3B6F00322736 /* CustomCommonEditTextField.swift */; };
		99CAF3B529CB475B00322736 /* ExtensionCloseKeyboard.swift in Sources */ = {isa = PBXBuildFile; fileRef = 99CAF3B429CB475B00322736 /* ExtensionCloseKeyboard.swift */; };
		99CAF3B829CD9A1100322736 /* EventPostView.swift in Sources */ = {isa = PBXBuildFile; fileRef = 99CAF3B729CD9A1100322736 /* EventPostView.swift */; };
		99CAF3BC29CD9EF400322736 /* MiniPhoto.swift in Sources */ = {isa = PBXBuildFile; fileRef = 99CAF3BB29CD9EF400322736 /* MiniPhoto.swift */; };
		99CAF3BE29CDB6B700322736 /* WalkPerson.swift in Sources */ = {isa = PBXBuildFile; fileRef = 99CAF3BD29CDB6B700322736 /* WalkPerson.swift */; };
		99CAF3C029D17C8300322736 /* TagPost.swift in Sources */ = {isa = PBXBuildFile; fileRef = 99CAF3BF29D17C8300322736 /* TagPost.swift */; };
		99CAF3C329D181C000322736 /* TagModifier.swift in Sources */ = {isa = PBXBuildFile; fileRef = 99CAF3C229D181C000322736 /* TagModifier.swift */; };
		99CAF3C529D1950E00322736 /* ImageView.swift in Sources */ = {isa = PBXBuildFile; fileRef = 99CAF3C429D1950E00322736 /* ImageView.swift */; };
		99E2805E29C4A65600C85107 /* ProfileView.swift in Sources */ = {isa = PBXBuildFile; fileRef = 99E2805D29C4A65600C85107 /* ProfileView.swift */; };
		99E2806029C4AC3C00C85107 /* ProfileViewModel.swift in Sources */ = {isa = PBXBuildFile; fileRef = 99E2805F29C4AC3C00C85107 /* ProfileViewModel.swift */; };
		99E2806329C4ACF000C85107 /* UserInfo.swift in Sources */ = {isa = PBXBuildFile; fileRef = 99E2806229C4ACF000C85107 /* UserInfo.swift */; };
		99E5233C29D308C800173299 /* BoldFontModifier.swift in Sources */ = {isa = PBXBuildFile; fileRef = 99E5233B29D308C800173299 /* BoldFontModifier.swift */; };
		99E5233E29D309FA00173299 /* MediumFontModifier.swift in Sources */ = {isa = PBXBuildFile; fileRef = 99E5233D29D309FA00173299 /* MediumFontModifier.swift */; };
		99E5234129D3279F00173299 /* BoldMidFontModifier.swift in Sources */ = {isa = PBXBuildFile; fileRef = 99E5234029D3279F00173299 /* BoldMidFontModifier.swift */; };
		FAE51AB7ACDA39227D23A1EE /* Pods_Diploma_DiplomaUITests.framework in Frameworks */ = {isa = PBXBuildFile; fileRef = B1845ECD8E2929962A68552F /* Pods_Diploma_DiplomaUITests.framework */; };
		FC32F81681B0B06FA3CB56B5 /* Pods_DiplomaTests.framework in Frameworks */ = {isa = PBXBuildFile; fileRef = 76F816A0153A52CB83E545F6 /* Pods_DiplomaTests.framework */; };
/* End PBXBuildFile section */

/* Begin PBXContainerItemProxy section */
		9963A0F229C0ADDC00D0B255 /* PBXContainerItemProxy */ = {
			isa = PBXContainerItemProxy;
			containerPortal = 9963A0D929C0ADDA00D0B255 /* Project object */;
			proxyType = 1;
			remoteGlobalIDString = 9963A0E029C0ADDA00D0B255;
			remoteInfo = Diploma;
		};
		9963A0FC29C0ADDC00D0B255 /* PBXContainerItemProxy */ = {
			isa = PBXContainerItemProxy;
			containerPortal = 9963A0D929C0ADDA00D0B255 /* Project object */;
			proxyType = 1;
			remoteGlobalIDString = 9963A0E029C0ADDA00D0B255;
			remoteInfo = Diploma;
		};
/* End PBXContainerItemProxy section */

/* Begin PBXFileReference section */
		231B16AC29E93B63000D2525 /* MapAddAddress.swift */ = {isa = PBXFileReference; lastKnownFileType = sourcecode.swift; path = MapAddAddress.swift; sourceTree = "<group>"; };
		231B16B229E94072000D2525 /* AddAddressViewModel.swift */ = {isa = PBXFileReference; lastKnownFileType = sourcecode.swift; path = AddAddressViewModel.swift; sourceTree = "<group>"; };
		231B16B429E941D5000D2525 /* SearchTextField.swift */ = {isa = PBXFileReference; lastKnownFileType = sourcecode.swift; path = SearchTextField.swift; sourceTree = "<group>"; };
		231B16B629E99AA8000D2525 /* CustomAnnotationView.swift */ = {isa = PBXFileReference; lastKnownFileType = sourcecode.swift; path = CustomAnnotationView.swift; sourceTree = "<group>"; };
		231B16B829ED84CE000D2525 /* AddImageView.swift */ = {isa = PBXFileReference; lastKnownFileType = sourcecode.swift; path = AddImageView.swift; sourceTree = "<group>"; };
		231B16BA29ED86C5000D2525 /* AddImageViewModel.swift */ = {isa = PBXFileReference; lastKnownFileType = sourcecode.swift; path = AddImageViewModel.swift; sourceTree = "<group>"; };
		231B16BC29ED8755000D2525 /* EventImages.swift */ = {isa = PBXFileReference; lastKnownFileType = sourcecode.swift; path = EventImages.swift; sourceTree = "<group>"; };
		231B16BE29ED904C000D2525 /* PhotoPickerImages.swift */ = {isa = PBXFileReference; lastKnownFileType = sourcecode.swift; path = PhotoPickerImages.swift; sourceTree = "<group>"; };
		231B16C02A0151A3000D2525 /* AuthorizationService.swift */ = {isa = PBXFileReference; lastKnownFileType = sourcecode.swift; path = AuthorizationService.swift; sourceTree = "<group>"; };
		231B16C22A015288000D2525 /* ResponseAuthorization.swift */ = {isa = PBXFileReference; lastKnownFileType = sourcecode.swift; path = ResponseAuthorization.swift; sourceTree = "<group>"; };
		231B16C42A0153AF000D2525 /* RequestLogin.swift */ = {isa = PBXFileReference; lastKnownFileType = sourcecode.swift; path = RequestLogin.swift; sourceTree = "<group>"; };
		231B16C72A02620F000D2525 /* RequestRegistration.swift */ = {isa = PBXFileReference; lastKnownFileType = sourcecode.swift; path = RequestRegistration.swift; sourceTree = "<group>"; };
		231B16C92A029047000D2525 /* EventService.swift */ = {isa = PBXFileReference; lastKnownFileType = sourcecode.swift; path = EventService.swift; sourceTree = "<group>"; };
		231B16CB2A0291C3000D2525 /* ResponseEvent.swift */ = {isa = PBXFileReference; lastKnownFileType = sourcecode.swift; path = ResponseEvent.swift; sourceTree = "<group>"; };
		232C3D1A2A09520F00556116 /* DateAndPlaceConfigurator.swift */ = {isa = PBXFileReference; lastKnownFileType = sourcecode.swift; path = DateAndPlaceConfigurator.swift; sourceTree = "<group>"; };
		232C3D1D2A09551200556116 /* UserRequest.swift */ = {isa = PBXFileReference; lastKnownFileType = sourcecode.swift; path = UserRequest.swift; sourceTree = "<group>"; };
		23DA2F5E29D6C53A0098239F /* DrawShape.swift */ = {isa = PBXFileReference; lastKnownFileType = sourcecode.swift; path = DrawShape.swift; sourceTree = "<group>"; };
		23DA2F6029D6C59F0098239F /* ValueDiagram.swift */ = {isa = PBXFileReference; lastKnownFileType = sourcecode.swift; path = ValueDiagram.swift; sourceTree = "<group>"; };
		23DA2F6229D6C8C80098239F /* InfoTag.swift */ = {isa = PBXFileReference; lastKnownFileType = sourcecode.swift; path = InfoTag.swift; sourceTree = "<group>"; };
		23DA2F6429D6DA7D0098239F /* AddEventViewModel.swift */ = {isa = PBXFileReference; lastKnownFileType = sourcecode.swift; path = AddEventViewModel.swift; sourceTree = "<group>"; };
		23DA2F6629D6DDEA0098239F /* MiniDiagram.swift */ = {isa = PBXFileReference; lastKnownFileType = sourcecode.swift; path = MiniDiagram.swift; sourceTree = "<group>"; };
		23DA2F6A29D721770098239F /* ExtensionRoundedCorner.swift */ = {isa = PBXFileReference; lastKnownFileType = sourcecode.swift; path = ExtensionRoundedCorner.swift; sourceTree = "<group>"; };
		23E5A23929D5788B003C96C8 /* StatisticViewModel.swift */ = {isa = PBXFileReference; lastKnownFileType = sourcecode.swift; path = StatisticViewModel.swift; sourceTree = "<group>"; };
		23E5A23E29D5894D003C96C8 /* AddEventView.swift */ = {isa = PBXFileReference; lastKnownFileType = sourcecode.swift; path = AddEventView.swift; sourceTree = "<group>"; };
		23E5A24029D58A64003C96C8 /* Event.swift */ = {isa = PBXFileReference; lastKnownFileType = sourcecode.swift; path = Event.swift; sourceTree = "<group>"; };
		23E5A24229D5A6B4003C96C8 /* AddTag.swift */ = {isa = PBXFileReference; lastKnownFileType = sourcecode.swift; path = AddTag.swift; sourceTree = "<group>"; };
		23E5A24429D5CADD003C96C8 /* AddAddressView.swift */ = {isa = PBXFileReference; lastKnownFileType = sourcecode.swift; path = AddAddressView.swift; sourceTree = "<group>"; };
		23ECAB2229DEA244003AA006 /* CalendarView.swift */ = {isa = PBXFileReference; lastKnownFileType = sourcecode.swift; path = CalendarView.swift; sourceTree = "<group>"; };
		23ECAB2429DEAF79003AA006 /* DateValue.swift */ = {isa = PBXFileReference; lastKnownFileType = sourcecode.swift; path = DateValue.swift; sourceTree = "<group>"; };
		23F9061729D483AD0034EAB3 /* StatisticView.swift */ = {isa = PBXFileReference; lastKnownFileType = sourcecode.swift; path = StatisticView.swift; sourceTree = "<group>"; };
		23FA39EF2A03AFF600DEFB0C /* CustomImageData.swift */ = {isa = PBXFileReference; lastKnownFileType = sourcecode.swift; path = CustomImageData.swift; sourceTree = "<group>"; };
		23FA39F12A050A5D00DEFB0C /* UserService.swift */ = {isa = PBXFileReference; lastKnownFileType = sourcecode.swift; path = UserService.swift; sourceTree = "<group>"; };
		23FA39F32A050AED00DEFB0C /* ResponseUser.swift */ = {isa = PBXFileReference; lastKnownFileType = sourcecode.swift; path = ResponseUser.swift; sourceTree = "<group>"; };
		4514187CE1889CB13C7BC750 /* Pods-Diploma-DiplomaUITests.release.xcconfig */ = {isa = PBXFileReference; includeInIndex = 1; lastKnownFileType = text.xcconfig; name = "Pods-Diploma-DiplomaUITests.release.xcconfig"; path = "Target Support Files/Pods-Diploma-DiplomaUITests/Pods-Diploma-DiplomaUITests.release.xcconfig"; sourceTree = "<group>"; };
		60830775E842D997F730B159 /* Pods-Diploma-DiplomaUITests.debug.xcconfig */ = {isa = PBXFileReference; includeInIndex = 1; lastKnownFileType = text.xcconfig; name = "Pods-Diploma-DiplomaUITests.debug.xcconfig"; path = "Target Support Files/Pods-Diploma-DiplomaUITests/Pods-Diploma-DiplomaUITests.debug.xcconfig"; sourceTree = "<group>"; };
		60F10E77D4492EFD5C5E9EE6 /* Pods_Diploma.framework */ = {isa = PBXFileReference; explicitFileType = wrapper.framework; includeInIndex = 0; path = Pods_Diploma.framework; sourceTree = BUILT_PRODUCTS_DIR; };
		65716BAD26089E4A4E063AC8 /* Pods-DiplomaTests.debug.xcconfig */ = {isa = PBXFileReference; includeInIndex = 1; lastKnownFileType = text.xcconfig; name = "Pods-DiplomaTests.debug.xcconfig"; path = "Target Support Files/Pods-DiplomaTests/Pods-DiplomaTests.debug.xcconfig"; sourceTree = "<group>"; };
		76F816A0153A52CB83E545F6 /* Pods_DiplomaTests.framework */ = {isa = PBXFileReference; explicitFileType = wrapper.framework; includeInIndex = 0; path = Pods_DiplomaTests.framework; sourceTree = BUILT_PRODUCTS_DIR; };
		9946718129C4885800DD1D49 /* TabButton.swift */ = {isa = PBXFileReference; lastKnownFileType = sourcecode.swift; path = TabButton.swift; sourceTree = "<group>"; };
		99487F2C29C3481E003ADBAA /* StartView.swift */ = {isa = PBXFileReference; lastKnownFileType = sourcecode.swift; path = StartView.swift; sourceTree = "<group>"; };
		996154A329C207C100A5095F /* ExtensionSizeScreen.swift */ = {isa = PBXFileReference; lastKnownFileType = sourcecode.swift; path = ExtensionSizeScreen.swift; sourceTree = "<group>"; };
		996154A629C2091200A5095F /* CustomBackgroundButton.swift */ = {isa = PBXFileReference; lastKnownFileType = sourcecode.swift; path = CustomBackgroundButton.swift; sourceTree = "<group>"; };
		996154A829C20F0300A5095F /* CustomBorderButton.swift */ = {isa = PBXFileReference; lastKnownFileType = sourcecode.swift; path = CustomBorderButton.swift; sourceTree = "<group>"; };
		996154AA29C213CB00A5095F /* LoginView.swift */ = {isa = PBXFileReference; lastKnownFileType = sourcecode.swift; path = LoginView.swift; sourceTree = "<group>"; };
		996154AC29C213D500A5095F /* RegistrationView.swift */ = {isa = PBXFileReference; lastKnownFileType = sourcecode.swift; path = RegistrationView.swift; sourceTree = "<group>"; };
		996154AE29C2140F00A5095F /* DismissButton.swift */ = {isa = PBXFileReference; lastKnownFileType = sourcecode.swift; path = DismissButton.swift; sourceTree = "<group>"; };
		996154B029C2198D00A5095F /* CustomBackgroundTextField.swift */ = {isa = PBXFileReference; lastKnownFileType = sourcecode.swift; path = CustomBackgroundTextField.swift; sourceTree = "<group>"; };
		996154B229C219F300A5095F /* LoginViewModel.swift */ = {isa = PBXFileReference; lastKnownFileType = sourcecode.swift; path = LoginViewModel.swift; sourceTree = "<group>"; };
		996154B429C21D0500A5095F /* CustomPasswordTextField.swift */ = {isa = PBXFileReference; lastKnownFileType = sourcecode.swift; path = CustomPasswordTextField.swift; sourceTree = "<group>"; };
		996154B629C227FF00A5095F /* RegistrationViewModel.swift */ = {isa = PBXFileReference; lastKnownFileType = sourcecode.swift; path = RegistrationViewModel.swift; sourceTree = "<group>"; };
		9963A0E129C0ADDA00D0B255 /* Diploma.app */ = {isa = PBXFileReference; explicitFileType = wrapper.application; includeInIndex = 0; path = Diploma.app; sourceTree = BUILT_PRODUCTS_DIR; };
		9963A0E429C0ADDA00D0B255 /* DiplomaApp.swift */ = {isa = PBXFileReference; lastKnownFileType = sourcecode.swift; path = DiplomaApp.swift; sourceTree = "<group>"; };
		9963A0E629C0ADDA00D0B255 /* SplashScreen.swift */ = {isa = PBXFileReference; lastKnownFileType = sourcecode.swift; path = SplashScreen.swift; sourceTree = "<group>"; };
		9963A0E829C0ADDC00D0B255 /* Assets.xcassets */ = {isa = PBXFileReference; lastKnownFileType = folder.assetcatalog; path = Assets.xcassets; sourceTree = "<group>"; };
		9963A0EB29C0ADDC00D0B255 /* Preview Assets.xcassets */ = {isa = PBXFileReference; lastKnownFileType = folder.assetcatalog; path = "Preview Assets.xcassets"; sourceTree = "<group>"; };
		9963A0F129C0ADDC00D0B255 /* DiplomaTests.xctest */ = {isa = PBXFileReference; explicitFileType = wrapper.cfbundle; includeInIndex = 0; path = DiplomaTests.xctest; sourceTree = BUILT_PRODUCTS_DIR; };
		9963A0F529C0ADDC00D0B255 /* DiplomaTests.swift */ = {isa = PBXFileReference; lastKnownFileType = sourcecode.swift; path = DiplomaTests.swift; sourceTree = "<group>"; };
		9963A0FB29C0ADDC00D0B255 /* DiplomaUITests.xctest */ = {isa = PBXFileReference; explicitFileType = wrapper.cfbundle; includeInIndex = 0; path = DiplomaUITests.xctest; sourceTree = BUILT_PRODUCTS_DIR; };
		9963A0FF29C0ADDC00D0B255 /* DiplomaUITests.swift */ = {isa = PBXFileReference; lastKnownFileType = sourcecode.swift; path = DiplomaUITests.swift; sourceTree = "<group>"; };
		9963A10129C0ADDC00D0B255 /* DiplomaUITestsLaunchTests.swift */ = {isa = PBXFileReference; lastKnownFileType = sourcecode.swift; path = DiplomaUITestsLaunchTests.swift; sourceTree = "<group>"; };
		9963A10E29C0BE4D00D0B255 /* EventView.swift */ = {isa = PBXFileReference; lastKnownFileType = sourcecode.swift; path = EventView.swift; sourceTree = "<group>"; };
		99A4B66B29C4B35D004F4BDB /* VisitedEvents.swift */ = {isa = PBXFileReference; lastKnownFileType = sourcecode.swift; path = VisitedEvents.swift; sourceTree = "<group>"; };
		99B1B3A829C35EB000C70FD1 /* MainViewModel.swift */ = {isa = PBXFileReference; lastKnownFileType = sourcecode.swift; path = MainViewModel.swift; sourceTree = "<group>"; };
		99B1B3AA29C3613F00C70FD1 /* TagEvent.swift */ = {isa = PBXFileReference; lastKnownFileType = sourcecode.swift; path = TagEvent.swift; sourceTree = "<group>"; };
		99B1B3AC29C372F900C70FD1 /* CardEvent.swift */ = {isa = PBXFileReference; lastKnownFileType = sourcecode.swift; path = CardEvent.swift; sourceTree = "<group>"; };
		99B1B3AE29C3739300C70FD1 /* CardEventInfo.swift */ = {isa = PBXFileReference; lastKnownFileType = sourcecode.swift; path = CardEventInfo.swift; sourceTree = "<group>"; };
		99B1B3B329C4479000C70FD1 /* TagCard.swift */ = {isa = PBXFileReference; lastKnownFileType = sourcecode.swift; path = TagCard.swift; sourceTree = "<group>"; };
		99B1B3B529C449CF00C70FD1 /* Mock.swift */ = {isa = PBXFileReference; lastKnownFileType = sourcecode.swift; path = Mock.swift; sourceTree = "<group>"; };
		99B1B3B729C44C6100C70FD1 /* CustomAsyncImage.swift */ = {isa = PBXFileReference; lastKnownFileType = sourcecode.swift; path = CustomAsyncImage.swift; sourceTree = "<group>"; };
		99B1B3BA29C44CD100C70FD1 /* ImageLoaderService.swift */ = {isa = PBXFileReference; lastKnownFileType = sourcecode.swift; path = ImageLoaderService.swift; sourceTree = "<group>"; };
		99B1B3BC29C46CB800C70FD1 /* MainTabView.swift */ = {isa = PBXFileReference; lastKnownFileType = sourcecode.swift; path = MainTabView.swift; sourceTree = "<group>"; };
		99B3C56629C30E6300FC581D /* BottomSheetView.swift */ = {isa = PBXFileReference; lastKnownFileType = sourcecode.swift; path = BottomSheetView.swift; sourceTree = "<group>"; };
		99B3C56829C319E400FC581D /* CustomCommonTextField.swift */ = {isa = PBXFileReference; lastKnownFileType = sourcecode.swift; path = CustomCommonTextField.swift; sourceTree = "<group>"; };
		99B3C56A29C3240100FC581D /* CustomDropDown.swift */ = {isa = PBXFileReference; lastKnownFileType = sourcecode.swift; path = CustomDropDown.swift; sourceTree = "<group>"; };
		99B578DA29C839DE001B9E77 /* Map.swift */ = {isa = PBXFileReference; lastKnownFileType = sourcecode.swift; path = Map.swift; sourceTree = "<group>"; };
		99B578DC29C84683001B9E77 /* MapViewModel.swift */ = {isa = PBXFileReference; lastKnownFileType = sourcecode.swift; path = MapViewModel.swift; sourceTree = "<group>"; };
		99B578DE29C84727001B9E77 /* MainMapView.swift */ = {isa = PBXFileReference; lastKnownFileType = sourcecode.swift; path = MainMapView.swift; sourceTree = "<group>"; };
		99B578E029C85EF5001B9E77 /* Place.swift */ = {isa = PBXFileReference; lastKnownFileType = sourcecode.swift; path = Place.swift; sourceTree = "<group>"; };
		99B578E229C87126001B9E77 /* ProfileEditView.swift */ = {isa = PBXFileReference; lastKnownFileType = sourcecode.swift; path = ProfileEditView.swift; sourceTree = "<group>"; };
		99B578E429C884D4001B9E77 /* PhotoPicker.swift */ = {isa = PBXFileReference; lastKnownFileType = sourcecode.swift; path = PhotoPicker.swift; sourceTree = "<group>"; };
		99C625D029C0CDDF005C5801 /* Info.plist */ = {isa = PBXFileReference; lastKnownFileType = text.plist; path = Info.plist; sourceTree = "<group>"; };
		99C625D629C0CEDA005C5801 /* AuthorizationView.swift */ = {isa = PBXFileReference; lastKnownFileType = sourcecode.swift; path = AuthorizationView.swift; sourceTree = "<group>"; };
		99CAF3B229CB3B6F00322736 /* CustomCommonEditTextField.swift */ = {isa = PBXFileReference; lastKnownFileType = sourcecode.swift; path = CustomCommonEditTextField.swift; sourceTree = "<group>"; };
		99CAF3B429CB475B00322736 /* ExtensionCloseKeyboard.swift */ = {isa = PBXFileReference; lastKnownFileType = sourcecode.swift; path = ExtensionCloseKeyboard.swift; sourceTree = "<group>"; };
		99CAF3B729CD9A1100322736 /* EventPostView.swift */ = {isa = PBXFileReference; lastKnownFileType = sourcecode.swift; path = EventPostView.swift; sourceTree = "<group>"; };
		99CAF3BB29CD9EF400322736 /* MiniPhoto.swift */ = {isa = PBXFileReference; lastKnownFileType = sourcecode.swift; path = MiniPhoto.swift; sourceTree = "<group>"; };
		99CAF3BD29CDB6B700322736 /* WalkPerson.swift */ = {isa = PBXFileReference; lastKnownFileType = sourcecode.swift; path = WalkPerson.swift; sourceTree = "<group>"; };
		99CAF3BF29D17C8300322736 /* TagPost.swift */ = {isa = PBXFileReference; lastKnownFileType = sourcecode.swift; path = TagPost.swift; sourceTree = "<group>"; };
		99CAF3C229D181C000322736 /* TagModifier.swift */ = {isa = PBXFileReference; lastKnownFileType = sourcecode.swift; path = TagModifier.swift; sourceTree = "<group>"; };
		99CAF3C429D1950E00322736 /* ImageView.swift */ = {isa = PBXFileReference; lastKnownFileType = sourcecode.swift; path = ImageView.swift; sourceTree = "<group>"; };
		99E2805D29C4A65600C85107 /* ProfileView.swift */ = {isa = PBXFileReference; lastKnownFileType = sourcecode.swift; path = ProfileView.swift; sourceTree = "<group>"; };
		99E2805F29C4AC3C00C85107 /* ProfileViewModel.swift */ = {isa = PBXFileReference; lastKnownFileType = sourcecode.swift; path = ProfileViewModel.swift; sourceTree = "<group>"; };
		99E2806229C4ACF000C85107 /* UserInfo.swift */ = {isa = PBXFileReference; lastKnownFileType = sourcecode.swift; path = UserInfo.swift; sourceTree = "<group>"; };
		99E5233B29D308C800173299 /* BoldFontModifier.swift */ = {isa = PBXFileReference; lastKnownFileType = sourcecode.swift; path = BoldFontModifier.swift; sourceTree = "<group>"; };
		99E5233D29D309FA00173299 /* MediumFontModifier.swift */ = {isa = PBXFileReference; lastKnownFileType = sourcecode.swift; path = MediumFontModifier.swift; sourceTree = "<group>"; };
		99E5234029D3279F00173299 /* BoldMidFontModifier.swift */ = {isa = PBXFileReference; lastKnownFileType = sourcecode.swift; path = BoldMidFontModifier.swift; sourceTree = "<group>"; };
		B1845ECD8E2929962A68552F /* Pods_Diploma_DiplomaUITests.framework */ = {isa = PBXFileReference; explicitFileType = wrapper.framework; includeInIndex = 0; path = Pods_Diploma_DiplomaUITests.framework; sourceTree = BUILT_PRODUCTS_DIR; };
		C7182EAAB593470FE4013BA2 /* Pods-Diploma.debug.xcconfig */ = {isa = PBXFileReference; includeInIndex = 1; lastKnownFileType = text.xcconfig; name = "Pods-Diploma.debug.xcconfig"; path = "Target Support Files/Pods-Diploma/Pods-Diploma.debug.xcconfig"; sourceTree = "<group>"; };
		C8B2C839DFB824A2716E1AA9 /* Pods-Diploma.release.xcconfig */ = {isa = PBXFileReference; includeInIndex = 1; lastKnownFileType = text.xcconfig; name = "Pods-Diploma.release.xcconfig"; path = "Target Support Files/Pods-Diploma/Pods-Diploma.release.xcconfig"; sourceTree = "<group>"; };
		CBC5A42773827CB29433F591 /* Pods-DiplomaTests.release.xcconfig */ = {isa = PBXFileReference; includeInIndex = 1; lastKnownFileType = text.xcconfig; name = "Pods-DiplomaTests.release.xcconfig"; path = "Target Support Files/Pods-DiplomaTests/Pods-DiplomaTests.release.xcconfig"; sourceTree = "<group>"; };
/* End PBXFileReference section */

/* Begin PBXFrameworksBuildPhase section */
		9963A0DE29C0ADDA00D0B255 /* Frameworks */ = {
			isa = PBXFrameworksBuildPhase;
			buildActionMask = 2147483647;
			files = (
				150B44AF9281A9CDD583E062 /* Pods_Diploma.framework in Frameworks */,
			);
			runOnlyForDeploymentPostprocessing = 0;
		};
		9963A0EE29C0ADDC00D0B255 /* Frameworks */ = {
			isa = PBXFrameworksBuildPhase;
			buildActionMask = 2147483647;
			files = (
				FC32F81681B0B06FA3CB56B5 /* Pods_DiplomaTests.framework in Frameworks */,
			);
			runOnlyForDeploymentPostprocessing = 0;
		};
		9963A0F829C0ADDC00D0B255 /* Frameworks */ = {
			isa = PBXFrameworksBuildPhase;
			buildActionMask = 2147483647;
			files = (
				FAE51AB7ACDA39227D23A1EE /* Pods_Diploma_DiplomaUITests.framework in Frameworks */,
			);
			runOnlyForDeploymentPostprocessing = 0;
		};
/* End PBXFrameworksBuildPhase section */

/* Begin PBXGroup section */
		14226785F1FF38F22DDD4B0A /* Pods */ = {
			isa = PBXGroup;
			children = (
				C7182EAAB593470FE4013BA2 /* Pods-Diploma.debug.xcconfig */,
				C8B2C839DFB824A2716E1AA9 /* Pods-Diploma.release.xcconfig */,
				60830775E842D997F730B159 /* Pods-Diploma-DiplomaUITests.debug.xcconfig */,
				4514187CE1889CB13C7BC750 /* Pods-Diploma-DiplomaUITests.release.xcconfig */,
				65716BAD26089E4A4E063AC8 /* Pods-DiplomaTests.debug.xcconfig */,
				CBC5A42773827CB29433F591 /* Pods-DiplomaTests.release.xcconfig */,
			);
			path = Pods;
			sourceTree = "<group>";
		};
		231B16C62A0261FB000D2525 /* Requests */ = {
			isa = PBXGroup;
			children = (
				231B16C42A0153AF000D2525 /* RequestLogin.swift */,
				231B16C72A02620F000D2525 /* RequestRegistration.swift */,
			);
			path = Requests;
			sourceTree = "<group>";
		};
		231B16CE2A029203000D2525 /* Response */ = {
			isa = PBXGroup;
			children = (
				231B16C22A015288000D2525 /* ResponseAuthorization.swift */,
			);
			path = Response;
			sourceTree = "<group>";
		};
		231B16CF2A029215000D2525 /* Response */ = {
			isa = PBXGroup;
			children = (
				231B16CB2A0291C3000D2525 /* ResponseEvent.swift */,
				23FA39F32A050AED00DEFB0C /* ResponseUser.swift */,
			);
			path = Response;
			sourceTree = "<group>";
		};
		232C3D192A0951DF00556116 /* Helpers */ = {
			isa = PBXGroup;
			children = (
				232C3D1A2A09520F00556116 /* DateAndPlaceConfigurator.swift */,
			);
			path = Helpers;
			sourceTree = "<group>";
		};
		232C3D1C2A09550700556116 /* Request */ = {
			isa = PBXGroup;
			children = (
				232C3D1D2A09551200556116 /* UserRequest.swift */,
			);
			path = Request;
			sourceTree = "<group>";
		};
		23E5A23B29D586F8003C96C8 /* Components */ = {
			isa = PBXGroup;
			children = (
				23E5A24229D5A6B4003C96C8 /* AddTag.swift */,
				23DA2F5E29D6C53A0098239F /* DrawShape.swift */,
				23DA2F6229D6C8C80098239F /* InfoTag.swift */,
				23DA2F6629D6DDEA0098239F /* MiniDiagram.swift */,
				231B16BE29ED904C000D2525 /* PhotoPickerImages.swift */,
			);
			path = Components;
			sourceTree = "<group>";
		};
		23F9061629D483700034EAB3 /* Statistic */ = {
			isa = PBXGroup;
			children = (
				23E5A23B29D586F8003C96C8 /* Components */,
				23F9061729D483AD0034EAB3 /* StatisticView.swift */,
				23E5A23E29D5894D003C96C8 /* AddEventView.swift */,
				23E5A24429D5CADD003C96C8 /* AddAddressView.swift */,
				23ECAB2229DEA244003AA006 /* CalendarView.swift */,
				231B16AC29E93B63000D2525 /* MapAddAddress.swift */,
				231B16B829ED84CE000D2525 /* AddImageView.swift */,
			);
			path = Statistic;
			sourceTree = "<group>";
		};
		39503F39557CA14EF89C02E0 /* Frameworks */ = {
			isa = PBXGroup;
			children = (
				60F10E77D4492EFD5C5E9EE6 /* Pods_Diploma.framework */,
				B1845ECD8E2929962A68552F /* Pods_Diploma_DiplomaUITests.framework */,
				76F816A0153A52CB83E545F6 /* Pods_DiplomaTests.framework */,
			);
			name = Frameworks;
			sourceTree = "<group>";
		};
		996154A229C207A800A5095F /* Heplers */ = {
			isa = PBXGroup;
			children = (
				99E5233F29D3226300173299 /* FontModifier */,
				996154A329C207C100A5095F /* ExtensionSizeScreen.swift */,
				99CAF3B429CB475B00322736 /* ExtensionCloseKeyboard.swift */,
				23DA2F6A29D721770098239F /* ExtensionRoundedCorner.swift */,
			);
			path = Heplers;
			sourceTree = "<group>";
		};
		996154A529C208F000A5095F /* Components */ = {
			isa = PBXGroup;
			children = (
				996154A629C2091200A5095F /* CustomBackgroundButton.swift */,
				996154A829C20F0300A5095F /* CustomBorderButton.swift */,
				996154AE29C2140F00A5095F /* DismissButton.swift */,
				996154B029C2198D00A5095F /* CustomBackgroundTextField.swift */,
				996154B429C21D0500A5095F /* CustomPasswordTextField.swift */,
				99B3C56829C319E400FC581D /* CustomCommonTextField.swift */,
				99B3C56A29C3240100FC581D /* CustomDropDown.swift */,
			);
			path = Components;
			sourceTree = "<group>";
		};
		9963A0D829C0ADDA00D0B255 = {
			isa = PBXGroup;
			children = (
				9963A0E329C0ADDA00D0B255 /* Diploma */,
				9963A0F429C0ADDC00D0B255 /* DiplomaTests */,
				9963A0FE29C0ADDC00D0B255 /* DiplomaUITests */,
				9963A0E229C0ADDA00D0B255 /* Products */,
				14226785F1FF38F22DDD4B0A /* Pods */,
				39503F39557CA14EF89C02E0 /* Frameworks */,
			);
			sourceTree = "<group>";
		};
		9963A0E229C0ADDA00D0B255 /* Products */ = {
			isa = PBXGroup;
			children = (
				9963A0E129C0ADDA00D0B255 /* Diploma.app */,
				9963A0F129C0ADDC00D0B255 /* DiplomaTests.xctest */,
				9963A0FB29C0ADDC00D0B255 /* DiplomaUITests.xctest */,
			);
			name = Products;
			sourceTree = "<group>";
		};
		9963A0E329C0ADDA00D0B255 /* Diploma */ = {
			isa = PBXGroup;
			children = (
				99C625D029C0CDDF005C5801 /* Info.plist */,
				99B1B3B929C44CB600C70FD1 /* Services */,
				996154A229C207A800A5095F /* Heplers */,
				99C625D229C0CEA1005C5801 /* Main */,
				99C625D129C0CE99005C5801 /* Authorization */,
				9963A0E429C0ADDA00D0B255 /* DiplomaApp.swift */,
				9963A0E629C0ADDA00D0B255 /* SplashScreen.swift */,
				99487F2C29C3481E003ADBAA /* StartView.swift */,
				9963A0E829C0ADDC00D0B255 /* Assets.xcassets */,
				9963A0EA29C0ADDC00D0B255 /* Preview Content */,
			);
			path = Diploma;
			sourceTree = "<group>";
		};
		9963A0EA29C0ADDC00D0B255 /* Preview Content */ = {
			isa = PBXGroup;
			children = (
				9963A0EB29C0ADDC00D0B255 /* Preview Assets.xcassets */,
			);
			path = "Preview Content";
			sourceTree = "<group>";
		};
		9963A0F429C0ADDC00D0B255 /* DiplomaTests */ = {
			isa = PBXGroup;
			children = (
				9963A0F529C0ADDC00D0B255 /* DiplomaTests.swift */,
			);
			path = DiplomaTests;
			sourceTree = "<group>";
		};
		9963A0FE29C0ADDC00D0B255 /* DiplomaUITests */ = {
			isa = PBXGroup;
			children = (
				9963A0FF29C0ADDC00D0B255 /* DiplomaUITests.swift */,
				9963A10129C0ADDC00D0B255 /* DiplomaUITestsLaunchTests.swift */,
			);
			path = DiplomaUITests;
			sourceTree = "<group>";
		};
		99B1B3A729C35E0600C70FD1 /* Components */ = {
			isa = PBXGroup;
			children = (
				99B1B3AA29C3613F00C70FD1 /* TagEvent.swift */,
				99B1B3B729C44C6100C70FD1 /* CustomAsyncImage.swift */,
				9946718129C4885800DD1D49 /* TabButton.swift */,
				99A4B66B29C4B35D004F4BDB /* VisitedEvents.swift */,
				99CAF3B229CB3B6F00322736 /* CustomCommonEditTextField.swift */,
				231B16B429E941D5000D2525 /* SearchTextField.swift */,
				231B16B629E99AA8000D2525 /* CustomAnnotationView.swift */,
				23FA39EF2A03AFF600DEFB0C /* CustomImageData.swift */,
			);
			path = Components;
			sourceTree = "<group>";
		};
		99B1B3B929C44CB600C70FD1 /* Services */ = {
			isa = PBXGroup;
			children = (
				99B1B3BA29C44CD100C70FD1 /* ImageLoaderService.swift */,
				231B16C02A0151A3000D2525 /* AuthorizationService.swift */,
				231B16C92A029047000D2525 /* EventService.swift */,
				23FA39F12A050A5D00DEFB0C /* UserService.swift */,
			);
			path = Services;
			sourceTree = "<group>";
		};
		99B578D629C8399F001B9E77 /* TabBar */ = {
			isa = PBXGroup;
			children = (
				23F9061629D483700034EAB3 /* Statistic */,
				99B578D929C839D0001B9E77 /* Map */,
				99B578D829C839C6001B9E77 /* Profile */,
				99B578D729C839BB001B9E77 /* Events */,
			);
			path = TabBar;
			sourceTree = "<group>";
		};
		99B578D729C839BB001B9E77 /* Events */ = {
			isa = PBXGroup;
			children = (
				99CAF3B629CD98E100322736 /* Components */,
				9963A10E29C0BE4D00D0B255 /* EventView.swift */,
				99CAF3B729CD9A1100322736 /* EventPostView.swift */,
				99CAF3C429D1950E00322736 /* ImageView.swift */,
			);
			path = Events;
			sourceTree = "<group>";
		};
		99B578D829C839C6001B9E77 /* Profile */ = {
			isa = PBXGroup;
			children = (
				99E2805D29C4A65600C85107 /* ProfileView.swift */,
				99B578E229C87126001B9E77 /* ProfileEditView.swift */,
				99B578E429C884D4001B9E77 /* PhotoPicker.swift */,
			);
			path = Profile;
			sourceTree = "<group>";
		};
		99B578D929C839D0001B9E77 /* Map */ = {
			isa = PBXGroup;
			children = (
				99B578DA29C839DE001B9E77 /* Map.swift */,
				99B578DE29C84727001B9E77 /* MainMapView.swift */,
			);
			path = Map;
			sourceTree = "<group>";
		};
		99C625D129C0CE99005C5801 /* Authorization */ = {
			isa = PBXGroup;
			children = (
				996154A529C208F000A5095F /* Components */,
				99C625D529C0CEC0005C5801 /* Model */,
				99C625D429C0CEBA005C5801 /* ViewModel */,
				99C625D329C0CEB4005C5801 /* View */,
			);
			path = Authorization;
			sourceTree = "<group>";
		};
		99C625D229C0CEA1005C5801 /* Main */ = {
			isa = PBXGroup;
			children = (
				232C3D192A0951DF00556116 /* Helpers */,
				99CAF3C129D181AE00322736 /* Modifier */,
				99B1B3A729C35E0600C70FD1 /* Components */,
				99C625DA29C0CEF7005C5801 /* Model */,
				99C625D929C0CEF1005C5801 /* ViewModel */,
				99C625D829C0CEEC005C5801 /* View */,
			);
			path = Main;
			sourceTree = "<group>";
		};
		99C625D329C0CEB4005C5801 /* View */ = {
			isa = PBXGroup;
			children = (
				99C625D629C0CEDA005C5801 /* AuthorizationView.swift */,
				996154AA29C213CB00A5095F /* LoginView.swift */,
				996154AC29C213D500A5095F /* RegistrationView.swift */,
				99B3C56629C30E6300FC581D /* BottomSheetView.swift */,
			);
			path = View;
			sourceTree = "<group>";
		};
		99C625D429C0CEBA005C5801 /* ViewModel */ = {
			isa = PBXGroup;
			children = (
				996154B229C219F300A5095F /* LoginViewModel.swift */,
				996154B629C227FF00A5095F /* RegistrationViewModel.swift */,
			);
			path = ViewModel;
			sourceTree = "<group>";
		};
		99C625D529C0CEC0005C5801 /* Model */ = {
			isa = PBXGroup;
			children = (
				231B16CE2A029203000D2525 /* Response */,
				231B16C62A0261FB000D2525 /* Requests */,
				99E2806229C4ACF000C85107 /* UserInfo.swift */,
			);
			path = Model;
			sourceTree = "<group>";
		};
		99C625D829C0CEEC005C5801 /* View */ = {
			isa = PBXGroup;
			children = (
				99B578D629C8399F001B9E77 /* TabBar */,
				99B1B3BC29C46CB800C70FD1 /* MainTabView.swift */,
			);
			path = View;
			sourceTree = "<group>";
		};
		99C625D929C0CEF1005C5801 /* ViewModel */ = {
			isa = PBXGroup;
			children = (
				99B1B3A829C35EB000C70FD1 /* MainViewModel.swift */,
				99E2805F29C4AC3C00C85107 /* ProfileViewModel.swift */,
				99B578DC29C84683001B9E77 /* MapViewModel.swift */,
				23E5A23929D5788B003C96C8 /* StatisticViewModel.swift */,
				23DA2F6429D6DA7D0098239F /* AddEventViewModel.swift */,
				231B16B229E94072000D2525 /* AddAddressViewModel.swift */,
				231B16BA29ED86C5000D2525 /* AddImageViewModel.swift */,
			);
			path = ViewModel;
			sourceTree = "<group>";
		};
		99C625DA29C0CEF7005C5801 /* Model */ = {
			isa = PBXGroup;
			children = (
				232C3D1C2A09550700556116 /* Request */,
				231B16CF2A029215000D2525 /* Response */,
				99B1B3AE29C3739300C70FD1 /* CardEventInfo.swift */,
				99B1B3B529C449CF00C70FD1 /* Mock.swift */,
				99B578E029C85EF5001B9E77 /* Place.swift */,
				23E5A24029D58A64003C96C8 /* Event.swift */,
				23DA2F6029D6C59F0098239F /* ValueDiagram.swift */,
				23ECAB2429DEAF79003AA006 /* DateValue.swift */,
				231B16BC29ED8755000D2525 /* EventImages.swift */,
			);
			path = Model;
			sourceTree = "<group>";
		};
		99CAF3B629CD98E100322736 /* Components */ = {
			isa = PBXGroup;
			children = (
				99B1B3B329C4479000C70FD1 /* TagCard.swift */,
				99B1B3AC29C372F900C70FD1 /* CardEvent.swift */,
				99CAF3BB29CD9EF400322736 /* MiniPhoto.swift */,
				99CAF3BD29CDB6B700322736 /* WalkPerson.swift */,
				99CAF3BF29D17C8300322736 /* TagPost.swift */,
			);
			path = Components;
			sourceTree = "<group>";
		};
		99CAF3C129D181AE00322736 /* Modifier */ = {
			isa = PBXGroup;
			children = (
				99CAF3C229D181C000322736 /* TagModifier.swift */,
			);
			path = Modifier;
			sourceTree = "<group>";
		};
		99E5233F29D3226300173299 /* FontModifier */ = {
			isa = PBXGroup;
			children = (
				99E5233B29D308C800173299 /* BoldFontModifier.swift */,
				99E5233D29D309FA00173299 /* MediumFontModifier.swift */,
				99E5234029D3279F00173299 /* BoldMidFontModifier.swift */,
			);
			path = FontModifier;
			sourceTree = "<group>";
		};
/* End PBXGroup section */

/* Begin PBXNativeTarget section */
		9963A0E029C0ADDA00D0B255 /* Diploma */ = {
			isa = PBXNativeTarget;
			buildConfigurationList = 9963A10529C0ADDC00D0B255 /* Build configuration list for PBXNativeTarget "Diploma" */;
			buildPhases = (
				67873A92EA1DB8315E5CA85A /* [CP] Check Pods Manifest.lock */,
				9963A0DD29C0ADDA00D0B255 /* Sources */,
				9963A0DE29C0ADDA00D0B255 /* Frameworks */,
				9963A0DF29C0ADDA00D0B255 /* Resources */,
				0B87748A59BF4A08024244E8 /* [CP] Embed Pods Frameworks */,
			);
			buildRules = (
			);
			dependencies = (
			);
			name = Diploma;
			productName = Diploma;
			productReference = 9963A0E129C0ADDA00D0B255 /* Diploma.app */;
			productType = "com.apple.product-type.application";
		};
		9963A0F029C0ADDC00D0B255 /* DiplomaTests */ = {
			isa = PBXNativeTarget;
			buildConfigurationList = 9963A10829C0ADDC00D0B255 /* Build configuration list for PBXNativeTarget "DiplomaTests" */;
			buildPhases = (
				F27A02D5A752DA5C010EFACA /* [CP] Check Pods Manifest.lock */,
				9963A0ED29C0ADDC00D0B255 /* Sources */,
				9963A0EE29C0ADDC00D0B255 /* Frameworks */,
				9963A0EF29C0ADDC00D0B255 /* Resources */,
			);
			buildRules = (
			);
			dependencies = (
				9963A0F329C0ADDC00D0B255 /* PBXTargetDependency */,
			);
			name = DiplomaTests;
			productName = DiplomaTests;
			productReference = 9963A0F129C0ADDC00D0B255 /* DiplomaTests.xctest */;
			productType = "com.apple.product-type.bundle.unit-test";
		};
		9963A0FA29C0ADDC00D0B255 /* DiplomaUITests */ = {
			isa = PBXNativeTarget;
			buildConfigurationList = 9963A10B29C0ADDC00D0B255 /* Build configuration list for PBXNativeTarget "DiplomaUITests" */;
			buildPhases = (
				C37FF83C7FE31CB32E0780E7 /* [CP] Check Pods Manifest.lock */,
				9963A0F729C0ADDC00D0B255 /* Sources */,
				9963A0F829C0ADDC00D0B255 /* Frameworks */,
				9963A0F929C0ADDC00D0B255 /* Resources */,
				21F287951564AB4252F8B404 /* [CP] Embed Pods Frameworks */,
			);
			buildRules = (
			);
			dependencies = (
				9963A0FD29C0ADDC00D0B255 /* PBXTargetDependency */,
			);
			name = DiplomaUITests;
			productName = DiplomaUITests;
			productReference = 9963A0FB29C0ADDC00D0B255 /* DiplomaUITests.xctest */;
			productType = "com.apple.product-type.bundle.ui-testing";
		};
/* End PBXNativeTarget section */

/* Begin PBXProject section */
		9963A0D929C0ADDA00D0B255 /* Project object */ = {
			isa = PBXProject;
			attributes = {
				BuildIndependentTargetsInParallel = 1;
				LastSwiftUpdateCheck = 1410;
				LastUpgradeCheck = 1410;
				TargetAttributes = {
					9963A0E029C0ADDA00D0B255 = {
						CreatedOnToolsVersion = 14.1;
					};
					9963A0F029C0ADDC00D0B255 = {
						CreatedOnToolsVersion = 14.1;
						TestTargetID = 9963A0E029C0ADDA00D0B255;
					};
					9963A0FA29C0ADDC00D0B255 = {
						CreatedOnToolsVersion = 14.1;
						TestTargetID = 9963A0E029C0ADDA00D0B255;
					};
				};
			};
			buildConfigurationList = 9963A0DC29C0ADDA00D0B255 /* Build configuration list for PBXProject "Diploma" */;
			compatibilityVersion = "Xcode 14.0";
			developmentRegion = en;
			hasScannedForEncodings = 0;
			knownRegions = (
				en,
				Base,
			);
			mainGroup = 9963A0D829C0ADDA00D0B255;
			productRefGroup = 9963A0E229C0ADDA00D0B255 /* Products */;
			projectDirPath = "";
			projectRoot = "";
			targets = (
				9963A0E029C0ADDA00D0B255 /* Diploma */,
				9963A0F029C0ADDC00D0B255 /* DiplomaTests */,
				9963A0FA29C0ADDC00D0B255 /* DiplomaUITests */,
			);
		};
/* End PBXProject section */

/* Begin PBXResourcesBuildPhase section */
		9963A0DF29C0ADDA00D0B255 /* Resources */ = {
			isa = PBXResourcesBuildPhase;
			buildActionMask = 2147483647;
			files = (
				9963A0EC29C0ADDC00D0B255 /* Preview Assets.xcassets in Resources */,
				9963A0E929C0ADDC00D0B255 /* Assets.xcassets in Resources */,
			);
			runOnlyForDeploymentPostprocessing = 0;
		};
		9963A0EF29C0ADDC00D0B255 /* Resources */ = {
			isa = PBXResourcesBuildPhase;
			buildActionMask = 2147483647;
			files = (
			);
			runOnlyForDeploymentPostprocessing = 0;
		};
		9963A0F929C0ADDC00D0B255 /* Resources */ = {
			isa = PBXResourcesBuildPhase;
			buildActionMask = 2147483647;
			files = (
			);
			runOnlyForDeploymentPostprocessing = 0;
		};
/* End PBXResourcesBuildPhase section */

/* Begin PBXShellScriptBuildPhase section */
		0B87748A59BF4A08024244E8 /* [CP] Embed Pods Frameworks */ = {
			isa = PBXShellScriptBuildPhase;
			buildActionMask = 2147483647;
			files = (
			);
			inputFileListPaths = (
				"${PODS_ROOT}/Target Support Files/Pods-Diploma/Pods-Diploma-frameworks-${CONFIGURATION}-input-files.xcfilelist",
			);
			name = "[CP] Embed Pods Frameworks";
			outputFileListPaths = (
				"${PODS_ROOT}/Target Support Files/Pods-Diploma/Pods-Diploma-frameworks-${CONFIGURATION}-output-files.xcfilelist",
			);
			runOnlyForDeploymentPostprocessing = 0;
			shellPath = /bin/sh;
			shellScript = "\"${PODS_ROOT}/Target Support Files/Pods-Diploma/Pods-Diploma-frameworks.sh\"\n";
			showEnvVarsInLog = 0;
		};
		21F287951564AB4252F8B404 /* [CP] Embed Pods Frameworks */ = {
			isa = PBXShellScriptBuildPhase;
			buildActionMask = 2147483647;
			files = (
			);
			inputFileListPaths = (
				"${PODS_ROOT}/Target Support Files/Pods-Diploma-DiplomaUITests/Pods-Diploma-DiplomaUITests-frameworks-${CONFIGURATION}-input-files.xcfilelist",
			);
			name = "[CP] Embed Pods Frameworks";
			outputFileListPaths = (
				"${PODS_ROOT}/Target Support Files/Pods-Diploma-DiplomaUITests/Pods-Diploma-DiplomaUITests-frameworks-${CONFIGURATION}-output-files.xcfilelist",
			);
			runOnlyForDeploymentPostprocessing = 0;
			shellPath = /bin/sh;
			shellScript = "\"${PODS_ROOT}/Target Support Files/Pods-Diploma-DiplomaUITests/Pods-Diploma-DiplomaUITests-frameworks.sh\"\n";
			showEnvVarsInLog = 0;
		};
		67873A92EA1DB8315E5CA85A /* [CP] Check Pods Manifest.lock */ = {
			isa = PBXShellScriptBuildPhase;
			buildActionMask = 2147483647;
			files = (
			);
			inputFileListPaths = (
			);
			inputPaths = (
				"${PODS_PODFILE_DIR_PATH}/Podfile.lock",
				"${PODS_ROOT}/Manifest.lock",
			);
			name = "[CP] Check Pods Manifest.lock";
			outputFileListPaths = (
			);
			outputPaths = (
				"$(DERIVED_FILE_DIR)/Pods-Diploma-checkManifestLockResult.txt",
			);
			runOnlyForDeploymentPostprocessing = 0;
			shellPath = /bin/sh;
			shellScript = "diff \"${PODS_PODFILE_DIR_PATH}/Podfile.lock\" \"${PODS_ROOT}/Manifest.lock\" > /dev/null\nif [ $? != 0 ] ; then\n    # print error to STDERR\n    echo \"error: The sandbox is not in sync with the Podfile.lock. Run 'pod install' or update your CocoaPods installation.\" >&2\n    exit 1\nfi\n# This output is used by Xcode 'outputs' to avoid re-running this script phase.\necho \"SUCCESS\" > \"${SCRIPT_OUTPUT_FILE_0}\"\n";
			showEnvVarsInLog = 0;
		};
		C37FF83C7FE31CB32E0780E7 /* [CP] Check Pods Manifest.lock */ = {
			isa = PBXShellScriptBuildPhase;
			buildActionMask = 2147483647;
			files = (
			);
			inputFileListPaths = (
			);
			inputPaths = (
				"${PODS_PODFILE_DIR_PATH}/Podfile.lock",
				"${PODS_ROOT}/Manifest.lock",
			);
			name = "[CP] Check Pods Manifest.lock";
			outputFileListPaths = (
			);
			outputPaths = (
				"$(DERIVED_FILE_DIR)/Pods-Diploma-DiplomaUITests-checkManifestLockResult.txt",
			);
			runOnlyForDeploymentPostprocessing = 0;
			shellPath = /bin/sh;
			shellScript = "diff \"${PODS_PODFILE_DIR_PATH}/Podfile.lock\" \"${PODS_ROOT}/Manifest.lock\" > /dev/null\nif [ $? != 0 ] ; then\n    # print error to STDERR\n    echo \"error: The sandbox is not in sync with the Podfile.lock. Run 'pod install' or update your CocoaPods installation.\" >&2\n    exit 1\nfi\n# This output is used by Xcode 'outputs' to avoid re-running this script phase.\necho \"SUCCESS\" > \"${SCRIPT_OUTPUT_FILE_0}\"\n";
			showEnvVarsInLog = 0;
		};
		F27A02D5A752DA5C010EFACA /* [CP] Check Pods Manifest.lock */ = {
			isa = PBXShellScriptBuildPhase;
			buildActionMask = 2147483647;
			files = (
			);
			inputFileListPaths = (
			);
			inputPaths = (
				"${PODS_PODFILE_DIR_PATH}/Podfile.lock",
				"${PODS_ROOT}/Manifest.lock",
			);
			name = "[CP] Check Pods Manifest.lock";
			outputFileListPaths = (
			);
			outputPaths = (
				"$(DERIVED_FILE_DIR)/Pods-DiplomaTests-checkManifestLockResult.txt",
			);
			runOnlyForDeploymentPostprocessing = 0;
			shellPath = /bin/sh;
			shellScript = "diff \"${PODS_PODFILE_DIR_PATH}/Podfile.lock\" \"${PODS_ROOT}/Manifest.lock\" > /dev/null\nif [ $? != 0 ] ; then\n    # print error to STDERR\n    echo \"error: The sandbox is not in sync with the Podfile.lock. Run 'pod install' or update your CocoaPods installation.\" >&2\n    exit 1\nfi\n# This output is used by Xcode 'outputs' to avoid re-running this script phase.\necho \"SUCCESS\" > \"${SCRIPT_OUTPUT_FILE_0}\"\n";
			showEnvVarsInLog = 0;
		};
/* End PBXShellScriptBuildPhase section */

/* Begin PBXSourcesBuildPhase section */
		9963A0DD29C0ADDA00D0B255 /* Sources */ = {
			isa = PBXSourcesBuildPhase;
			buildActionMask = 2147483647;
			files = (
				99CAF3B329CB3B6F00322736 /* CustomCommonEditTextField.swift in Sources */,
				99B1B3AD29C372F900C70FD1 /* CardEvent.swift in Sources */,
				996154A929C20F0300A5095F /* CustomBorderButton.swift in Sources */,
				99E2805E29C4A65600C85107 /* ProfileView.swift in Sources */,
				99B578E329C87126001B9E77 /* ProfileEditView.swift in Sources */,
				99B1B3BD29C46CB800C70FD1 /* MainTabView.swift in Sources */,
				99487F2D29C3481E003ADBAA /* StartView.swift in Sources */,
				996154B129C2198D00A5095F /* CustomBackgroundTextField.swift in Sources */,
				23E5A24529D5CADD003C96C8 /* AddAddressView.swift in Sources */,
				996154B529C21D0500A5095F /* CustomPasswordTextField.swift in Sources */,
				23E5A24129D58A64003C96C8 /* Event.swift in Sources */,
				99CAF3BC29CD9EF400322736 /* MiniPhoto.swift in Sources */,
				231B16B329E94072000D2525 /* AddAddressViewModel.swift in Sources */,
				23ECAB2329DEA244003AA006 /* CalendarView.swift in Sources */,
				99B1B3B429C4479000C70FD1 /* TagCard.swift in Sources */,
				23E5A23F29D5894D003C96C8 /* AddEventView.swift in Sources */,
				23DA2F5F29D6C53A0098239F /* DrawShape.swift in Sources */,
				231B16BF29ED904C000D2525 /* PhotoPickerImages.swift in Sources */,
				99B578DF29C84727001B9E77 /* MainMapView.swift in Sources */,
				99CAF3C529D1950E00322736 /* ImageView.swift in Sources */,
				231B16C32A015288000D2525 /* ResponseAuthorization.swift in Sources */,
				23E5A24329D5A6B4003C96C8 /* AddTag.swift in Sources */,
				23DA2F6729D6DDEA0098239F /* MiniDiagram.swift in Sources */,
				99B3C56929C319E400FC581D /* CustomCommonTextField.swift in Sources */,
				996154B729C227FF00A5095F /* RegistrationViewModel.swift in Sources */,
				231B16C52A0153AF000D2525 /* RequestLogin.swift in Sources */,
				231B16BB29ED86C5000D2525 /* AddImageViewModel.swift in Sources */,
				231B16B529E941D5000D2525 /* SearchTextField.swift in Sources */,
				99CAF3C029D17C8300322736 /* TagPost.swift in Sources */,
				99B1B3AF29C3739300C70FD1 /* CardEventInfo.swift in Sources */,
				99C625D729C0CEDA005C5801 /* AuthorizationView.swift in Sources */,
				99E2806329C4ACF000C85107 /* UserInfo.swift in Sources */,
				23FA39F02A03AFF600DEFB0C /* CustomImageData.swift in Sources */,
				99B578DD29C84683001B9E77 /* MapViewModel.swift in Sources */,
				231B16AD29E93B63000D2525 /* MapAddAddress.swift in Sources */,
				99B578E129C85EF5001B9E77 /* Place.swift in Sources */,
				23F9061829D483AD0034EAB3 /* StatisticView.swift in Sources */,
				99B1B3BB29C44CD100C70FD1 /* ImageLoaderService.swift in Sources */,
				99B1B3AB29C3613F00C70FD1 /* TagEvent.swift in Sources */,
				9946718229C4885800DD1D49 /* TabButton.swift in Sources */,
				99E5233E29D309FA00173299 /* MediumFontModifier.swift in Sources */,
				23ECAB2529DEAF79003AA006 /* DateValue.swift in Sources */,
				99CAF3B829CD9A1100322736 /* EventPostView.swift in Sources */,
				23DA2F6329D6C8C80098239F /* InfoTag.swift in Sources */,
				231B16BD29ED8755000D2525 /* EventImages.swift in Sources */,
				9963A0E729C0ADDA00D0B255 /* SplashScreen.swift in Sources */,
				996154AD29C213D500A5095F /* RegistrationView.swift in Sources */,
				99B3C56B29C3240100FC581D /* CustomDropDown.swift in Sources */,
				996154A729C2091200A5095F /* CustomBackgroundButton.swift in Sources */,
				9963A10F29C0BE4D00D0B255 /* EventView.swift in Sources */,
				9963A0E529C0ADDA00D0B255 /* DiplomaApp.swift in Sources */,
				99B1B3A929C35EB000C70FD1 /* MainViewModel.swift in Sources */,
				996154B329C219F300A5095F /* LoginViewModel.swift in Sources */,
				99B3C56729C30E6300FC581D /* BottomSheetView.swift in Sources */,
				23FA39F22A050A5D00DEFB0C /* UserService.swift in Sources */,
				99B578DB29C839DE001B9E77 /* Map.swift in Sources */,
				99E2806029C4AC3C00C85107 /* ProfileViewModel.swift in Sources */,
				99E5234129D3279F00173299 /* BoldMidFontModifier.swift in Sources */,
				996154AB29C213CB00A5095F /* LoginView.swift in Sources */,
				23FA39F42A050AED00DEFB0C /* ResponseUser.swift in Sources */,
				99B578E529C884D4001B9E77 /* PhotoPicker.swift in Sources */,
				23DA2F6B29D721770098239F /* ExtensionRoundedCorner.swift in Sources */,
				99CAF3BE29CDB6B700322736 /* WalkPerson.swift in Sources */,
				231B16CC2A0291C3000D2525 /* ResponseEvent.swift in Sources */,
				99CAF3C329D181C000322736 /* TagModifier.swift in Sources */,
				99A4B66C29C4B35D004F4BDB /* VisitedEvents.swift in Sources */,
				232C3D1E2A09551200556116 /* UserRequest.swift in Sources */,
				231B16C82A02620F000D2525 /* RequestRegistration.swift in Sources */,
				232C3D1B2A09520F00556116 /* DateAndPlaceConfigurator.swift in Sources */,
				99CAF3B529CB475B00322736 /* ExtensionCloseKeyboard.swift in Sources */,
				231B16B729E99AA8000D2525 /* CustomAnnotationView.swift in Sources */,
				99B1B3B829C44C6100C70FD1 /* CustomAsyncImage.swift in Sources */,
				231B16C12A0151A3000D2525 /* AuthorizationService.swift in Sources */,
				23DA2F6529D6DA7D0098239F /* AddEventViewModel.swift in Sources */,
				996154AF29C2140F00A5095F /* DismissButton.swift in Sources */,
				99E5233C29D308C800173299 /* BoldFontModifier.swift in Sources */,
				23DA2F6129D6C59F0098239F /* ValueDiagram.swift in Sources */,
				231B16B929ED84CE000D2525 /* AddImageView.swift in Sources */,
				231B16CA2A029047000D2525 /* EventService.swift in Sources */,
				23E5A23A29D5788B003C96C8 /* StatisticViewModel.swift in Sources */,
				996154A429C207C100A5095F /* ExtensionSizeScreen.swift in Sources */,
				99B1B3B629C449CF00C70FD1 /* Mock.swift in Sources */,
			);
			runOnlyForDeploymentPostprocessing = 0;
		};
		9963A0ED29C0ADDC00D0B255 /* Sources */ = {
			isa = PBXSourcesBuildPhase;
			buildActionMask = 2147483647;
			files = (
				9963A0F629C0ADDC00D0B255 /* DiplomaTests.swift in Sources */,
			);
			runOnlyForDeploymentPostprocessing = 0;
		};
		9963A0F729C0ADDC00D0B255 /* Sources */ = {
			isa = PBXSourcesBuildPhase;
			buildActionMask = 2147483647;
			files = (
				9963A10029C0ADDC00D0B255 /* DiplomaUITests.swift in Sources */,
				9963A10229C0ADDC00D0B255 /* DiplomaUITestsLaunchTests.swift in Sources */,
			);
			runOnlyForDeploymentPostprocessing = 0;
		};
/* End PBXSourcesBuildPhase section */

/* Begin PBXTargetDependency section */
		9963A0F329C0ADDC00D0B255 /* PBXTargetDependency */ = {
			isa = PBXTargetDependency;
			target = 9963A0E029C0ADDA00D0B255 /* Diploma */;
			targetProxy = 9963A0F229C0ADDC00D0B255 /* PBXContainerItemProxy */;
		};
		9963A0FD29C0ADDC00D0B255 /* PBXTargetDependency */ = {
			isa = PBXTargetDependency;
			target = 9963A0E029C0ADDA00D0B255 /* Diploma */;
			targetProxy = 9963A0FC29C0ADDC00D0B255 /* PBXContainerItemProxy */;
		};
/* End PBXTargetDependency section */

/* Begin XCBuildConfiguration section */
		9963A10329C0ADDC00D0B255 /* Debug */ = {
			isa = XCBuildConfiguration;
			buildSettings = {
				ALWAYS_SEARCH_USER_PATHS = NO;
				CLANG_ANALYZER_NONNULL = YES;
				CLANG_ANALYZER_NUMBER_OBJECT_CONVERSION = YES_AGGRESSIVE;
				CLANG_CXX_LANGUAGE_STANDARD = "gnu++20";
				CLANG_ENABLE_MODULES = YES;
				CLANG_ENABLE_OBJC_ARC = YES;
				CLANG_ENABLE_OBJC_WEAK = YES;
				CLANG_WARN_BLOCK_CAPTURE_AUTORELEASING = YES;
				CLANG_WARN_BOOL_CONVERSION = YES;
				CLANG_WARN_COMMA = YES;
				CLANG_WARN_CONSTANT_CONVERSION = YES;
				CLANG_WARN_DEPRECATED_OBJC_IMPLEMENTATIONS = YES;
				CLANG_WARN_DIRECT_OBJC_ISA_USAGE = YES_ERROR;
				CLANG_WARN_DOCUMENTATION_COMMENTS = YES;
				CLANG_WARN_EMPTY_BODY = YES;
				CLANG_WARN_ENUM_CONVERSION = YES;
				CLANG_WARN_INFINITE_RECURSION = YES;
				CLANG_WARN_INT_CONVERSION = YES;
				CLANG_WARN_NON_LITERAL_NULL_CONVERSION = YES;
				CLANG_WARN_OBJC_IMPLICIT_RETAIN_SELF = YES;
				CLANG_WARN_OBJC_LITERAL_CONVERSION = YES;
				CLANG_WARN_OBJC_ROOT_CLASS = YES_ERROR;
				CLANG_WARN_QUOTED_INCLUDE_IN_FRAMEWORK_HEADER = YES;
				CLANG_WARN_RANGE_LOOP_ANALYSIS = YES;
				CLANG_WARN_STRICT_PROTOTYPES = YES;
				CLANG_WARN_SUSPICIOUS_MOVE = YES;
				CLANG_WARN_UNGUARDED_AVAILABILITY = YES_AGGRESSIVE;
				CLANG_WARN_UNREACHABLE_CODE = YES;
				CLANG_WARN__DUPLICATE_METHOD_MATCH = YES;
				COPY_PHASE_STRIP = NO;
				DEBUG_INFORMATION_FORMAT = dwarf;
				ENABLE_STRICT_OBJC_MSGSEND = YES;
				ENABLE_TESTABILITY = YES;
				GCC_C_LANGUAGE_STANDARD = gnu11;
				GCC_DYNAMIC_NO_PIC = NO;
				GCC_NO_COMMON_BLOCKS = YES;
				GCC_OPTIMIZATION_LEVEL = 0;
				GCC_PREPROCESSOR_DEFINITIONS = (
					"DEBUG=1",
					"$(inherited)",
				);
				GCC_WARN_64_TO_32_BIT_CONVERSION = YES;
				GCC_WARN_ABOUT_RETURN_TYPE = YES_ERROR;
				GCC_WARN_UNDECLARED_SELECTOR = YES;
				GCC_WARN_UNINITIALIZED_AUTOS = YES_AGGRESSIVE;
				GCC_WARN_UNUSED_FUNCTION = YES;
				GCC_WARN_UNUSED_VARIABLE = YES;
				IPHONEOS_DEPLOYMENT_TARGET = 16.1;
				MTL_ENABLE_DEBUG_INFO = INCLUDE_SOURCE;
				MTL_FAST_MATH = YES;
				ONLY_ACTIVE_ARCH = YES;
				SDKROOT = iphoneos;
				SWIFT_ACTIVE_COMPILATION_CONDITIONS = DEBUG;
				SWIFT_OPTIMIZATION_LEVEL = "-Onone";
			};
			name = Debug;
		};
		9963A10429C0ADDC00D0B255 /* Release */ = {
			isa = XCBuildConfiguration;
			buildSettings = {
				ALWAYS_SEARCH_USER_PATHS = NO;
				CLANG_ANALYZER_NONNULL = YES;
				CLANG_ANALYZER_NUMBER_OBJECT_CONVERSION = YES_AGGRESSIVE;
				CLANG_CXX_LANGUAGE_STANDARD = "gnu++20";
				CLANG_ENABLE_MODULES = YES;
				CLANG_ENABLE_OBJC_ARC = YES;
				CLANG_ENABLE_OBJC_WEAK = YES;
				CLANG_WARN_BLOCK_CAPTURE_AUTORELEASING = YES;
				CLANG_WARN_BOOL_CONVERSION = YES;
				CLANG_WARN_COMMA = YES;
				CLANG_WARN_CONSTANT_CONVERSION = YES;
				CLANG_WARN_DEPRECATED_OBJC_IMPLEMENTATIONS = YES;
				CLANG_WARN_DIRECT_OBJC_ISA_USAGE = YES_ERROR;
				CLANG_WARN_DOCUMENTATION_COMMENTS = YES;
				CLANG_WARN_EMPTY_BODY = YES;
				CLANG_WARN_ENUM_CONVERSION = YES;
				CLANG_WARN_INFINITE_RECURSION = YES;
				CLANG_WARN_INT_CONVERSION = YES;
				CLANG_WARN_NON_LITERAL_NULL_CONVERSION = YES;
				CLANG_WARN_OBJC_IMPLICIT_RETAIN_SELF = YES;
				CLANG_WARN_OBJC_LITERAL_CONVERSION = YES;
				CLANG_WARN_OBJC_ROOT_CLASS = YES_ERROR;
				CLANG_WARN_QUOTED_INCLUDE_IN_FRAMEWORK_HEADER = YES;
				CLANG_WARN_RANGE_LOOP_ANALYSIS = YES;
				CLANG_WARN_STRICT_PROTOTYPES = YES;
				CLANG_WARN_SUSPICIOUS_MOVE = YES;
				CLANG_WARN_UNGUARDED_AVAILABILITY = YES_AGGRESSIVE;
				CLANG_WARN_UNREACHABLE_CODE = YES;
				CLANG_WARN__DUPLICATE_METHOD_MATCH = YES;
				COPY_PHASE_STRIP = NO;
				DEBUG_INFORMATION_FORMAT = "dwarf-with-dsym";
				ENABLE_NS_ASSERTIONS = NO;
				ENABLE_STRICT_OBJC_MSGSEND = YES;
				GCC_C_LANGUAGE_STANDARD = gnu11;
				GCC_NO_COMMON_BLOCKS = YES;
				GCC_WARN_64_TO_32_BIT_CONVERSION = YES;
				GCC_WARN_ABOUT_RETURN_TYPE = YES_ERROR;
				GCC_WARN_UNDECLARED_SELECTOR = YES;
				GCC_WARN_UNINITIALIZED_AUTOS = YES_AGGRESSIVE;
				GCC_WARN_UNUSED_FUNCTION = YES;
				GCC_WARN_UNUSED_VARIABLE = YES;
				IPHONEOS_DEPLOYMENT_TARGET = 16.1;
				MTL_ENABLE_DEBUG_INFO = NO;
				MTL_FAST_MATH = YES;
				SDKROOT = iphoneos;
				SWIFT_COMPILATION_MODE = wholemodule;
				SWIFT_OPTIMIZATION_LEVEL = "-O";
				VALIDATE_PRODUCT = YES;
			};
			name = Release;
		};
		9963A10629C0ADDC00D0B255 /* Debug */ = {
			isa = XCBuildConfiguration;
			baseConfigurationReference = C7182EAAB593470FE4013BA2 /* Pods-Diploma.debug.xcconfig */;
			buildSettings = {
				ASSETCATALOG_COMPILER_APPICON_NAME = AppIcon;
				ASSETCATALOG_COMPILER_GLOBAL_ACCENT_COLOR_NAME = AccentColor;
				CODE_SIGN_STYLE = Automatic;
				CURRENT_PROJECT_VERSION = 1;
				DEVELOPMENT_ASSET_PATHS = "\"Diploma/Preview Content\"";
				DEVELOPMENT_TEAM = 84UU59T6MY;
				ENABLE_PREVIEWS = YES;
				GENERATE_INFOPLIST_FILE = YES;
				INFOPLIST_FILE = Diploma/Info.plist;
				INFOPLIST_KEY_NSLocationWhenInUseUsageDescription = "Включите пожалйста местоположение";
				INFOPLIST_KEY_UIApplicationSupportsIndirectInputEvents = YES;
				INFOPLIST_KEY_UILaunchScreen_Generation = YES;
				INFOPLIST_KEY_UISupportedInterfaceOrientations = UIInterfaceOrientationPortrait;
				IPHONEOS_DEPLOYMENT_TARGET = 13.0;
				LD_RUNPATH_SEARCH_PATHS = (
					"$(inherited)",
					"@executable_path/Frameworks",
				);
				MARKETING_VERSION = 1.0;
				PRODUCT_BUNDLE_IDENTIFIER = "net.ibs-dunice.Diploma";
				PRODUCT_NAME = "$(TARGET_NAME)";
				SWIFT_EMIT_LOC_STRINGS = YES;
				SWIFT_VERSION = 5.0;
				TARGETED_DEVICE_FAMILY = "1,2";
			};
			name = Debug;
		};
		9963A10729C0ADDC00D0B255 /* Release */ = {
			isa = XCBuildConfiguration;
			baseConfigurationReference = C8B2C839DFB824A2716E1AA9 /* Pods-Diploma.release.xcconfig */;
			buildSettings = {
				ASSETCATALOG_COMPILER_APPICON_NAME = AppIcon;
				ASSETCATALOG_COMPILER_GLOBAL_ACCENT_COLOR_NAME = AccentColor;
				CODE_SIGN_STYLE = Automatic;
				CURRENT_PROJECT_VERSION = 1;
				DEVELOPMENT_ASSET_PATHS = "\"Diploma/Preview Content\"";
				DEVELOPMENT_TEAM = 84UU59T6MY;
				ENABLE_PREVIEWS = YES;
				GENERATE_INFOPLIST_FILE = YES;
				INFOPLIST_FILE = Diploma/Info.plist;
				INFOPLIST_KEY_NSLocationWhenInUseUsageDescription = "Включите пожалйста местоположение";
				INFOPLIST_KEY_UIApplicationSupportsIndirectInputEvents = YES;
				INFOPLIST_KEY_UILaunchScreen_Generation = YES;
				INFOPLIST_KEY_UISupportedInterfaceOrientations = UIInterfaceOrientationPortrait;
				IPHONEOS_DEPLOYMENT_TARGET = 13.0;
				LD_RUNPATH_SEARCH_PATHS = (
					"$(inherited)",
					"@executable_path/Frameworks",
				);
				MARKETING_VERSION = 1.0;
				PRODUCT_BUNDLE_IDENTIFIER = "net.ibs-dunice.Diploma";
				PRODUCT_NAME = "$(TARGET_NAME)";
				SWIFT_EMIT_LOC_STRINGS = YES;
				SWIFT_VERSION = 5.0;
				TARGETED_DEVICE_FAMILY = "1,2";
			};
			name = Release;
		};
		9963A10929C0ADDC00D0B255 /* Debug */ = {
			isa = XCBuildConfiguration;
			baseConfigurationReference = 65716BAD26089E4A4E063AC8 /* Pods-DiplomaTests.debug.xcconfig */;
			buildSettings = {
				ALWAYS_EMBED_SWIFT_STANDARD_LIBRARIES = YES;
				BUNDLE_LOADER = "$(TEST_HOST)";
				CODE_SIGN_STYLE = Automatic;
				CURRENT_PROJECT_VERSION = 1;
				DEVELOPMENT_TEAM = 84UU59T6MY;
				GENERATE_INFOPLIST_FILE = YES;
				IPHONEOS_DEPLOYMENT_TARGET = 16.1;
				MARKETING_VERSION = 1.0;
				PRODUCT_BUNDLE_IDENTIFIER = "net.ibs-dunice.DiplomaTests";
				PRODUCT_NAME = "$(TARGET_NAME)";
				SWIFT_EMIT_LOC_STRINGS = NO;
				SWIFT_VERSION = 5.0;
				TARGETED_DEVICE_FAMILY = "1,2";
				TEST_HOST = "$(BUILT_PRODUCTS_DIR)/Diploma.app/$(BUNDLE_EXECUTABLE_FOLDER_PATH)/Diploma";
			};
			name = Debug;
		};
		9963A10A29C0ADDC00D0B255 /* Release */ = {
			isa = XCBuildConfiguration;
			baseConfigurationReference = CBC5A42773827CB29433F591 /* Pods-DiplomaTests.release.xcconfig */;
			buildSettings = {
				ALWAYS_EMBED_SWIFT_STANDARD_LIBRARIES = YES;
				BUNDLE_LOADER = "$(TEST_HOST)";
				CODE_SIGN_STYLE = Automatic;
				CURRENT_PROJECT_VERSION = 1;
				DEVELOPMENT_TEAM = 84UU59T6MY;
				GENERATE_INFOPLIST_FILE = YES;
				IPHONEOS_DEPLOYMENT_TARGET = 16.1;
				MARKETING_VERSION = 1.0;
				PRODUCT_BUNDLE_IDENTIFIER = "net.ibs-dunice.DiplomaTests";
				PRODUCT_NAME = "$(TARGET_NAME)";
				SWIFT_EMIT_LOC_STRINGS = NO;
				SWIFT_VERSION = 5.0;
				TARGETED_DEVICE_FAMILY = "1,2";
				TEST_HOST = "$(BUILT_PRODUCTS_DIR)/Diploma.app/$(BUNDLE_EXECUTABLE_FOLDER_PATH)/Diploma";
			};
			name = Release;
		};
		9963A10C29C0ADDC00D0B255 /* Debug */ = {
			isa = XCBuildConfiguration;
			baseConfigurationReference = 60830775E842D997F730B159 /* Pods-Diploma-DiplomaUITests.debug.xcconfig */;
			buildSettings = {
				ALWAYS_EMBED_SWIFT_STANDARD_LIBRARIES = YES;
				CODE_SIGN_STYLE = Automatic;
				CURRENT_PROJECT_VERSION = 1;
				DEVELOPMENT_TEAM = 84UU59T6MY;
				GENERATE_INFOPLIST_FILE = YES;
				MARKETING_VERSION = 1.0;
				PRODUCT_BUNDLE_IDENTIFIER = "net.ibs-dunice.DiplomaUITests";
				PRODUCT_NAME = "$(TARGET_NAME)";
				SWIFT_EMIT_LOC_STRINGS = NO;
				SWIFT_VERSION = 5.0;
				TARGETED_DEVICE_FAMILY = "1,2";
				TEST_TARGET_NAME = Diploma;
			};
			name = Debug;
		};
		9963A10D29C0ADDC00D0B255 /* Release */ = {
			isa = XCBuildConfiguration;
			baseConfigurationReference = 4514187CE1889CB13C7BC750 /* Pods-Diploma-DiplomaUITests.release.xcconfig */;
			buildSettings = {
				ALWAYS_EMBED_SWIFT_STANDARD_LIBRARIES = YES;
				CODE_SIGN_STYLE = Automatic;
				CURRENT_PROJECT_VERSION = 1;
				DEVELOPMENT_TEAM = 84UU59T6MY;
				GENERATE_INFOPLIST_FILE = YES;
				MARKETING_VERSION = 1.0;
				PRODUCT_BUNDLE_IDENTIFIER = "net.ibs-dunice.DiplomaUITests";
				PRODUCT_NAME = "$(TARGET_NAME)";
				SWIFT_EMIT_LOC_STRINGS = NO;
				SWIFT_VERSION = 5.0;
				TARGETED_DEVICE_FAMILY = "1,2";
				TEST_TARGET_NAME = Diploma;
			};
			name = Release;
		};
/* End XCBuildConfiguration section */

/* Begin XCConfigurationList section */
		9963A0DC29C0ADDA00D0B255 /* Build configuration list for PBXProject "Diploma" */ = {
			isa = XCConfigurationList;
			buildConfigurations = (
				9963A10329C0ADDC00D0B255 /* Debug */,
				9963A10429C0ADDC00D0B255 /* Release */,
			);
			defaultConfigurationIsVisible = 0;
			defaultConfigurationName = Release;
		};
		9963A10529C0ADDC00D0B255 /* Build configuration list for PBXNativeTarget "Diploma" */ = {
			isa = XCConfigurationList;
			buildConfigurations = (
				9963A10629C0ADDC00D0B255 /* Debug */,
				9963A10729C0ADDC00D0B255 /* Release */,
			);
			defaultConfigurationIsVisible = 0;
			defaultConfigurationName = Release;
		};
		9963A10829C0ADDC00D0B255 /* Build configuration list for PBXNativeTarget "DiplomaTests" */ = {
			isa = XCConfigurationList;
			buildConfigurations = (
				9963A10929C0ADDC00D0B255 /* Debug */,
				9963A10A29C0ADDC00D0B255 /* Release */,
			);
			defaultConfigurationIsVisible = 0;
			defaultConfigurationName = Release;
		};
		9963A10B29C0ADDC00D0B255 /* Build configuration list for PBXNativeTarget "DiplomaUITests" */ = {
			isa = XCConfigurationList;
			buildConfigurations = (
				9963A10C29C0ADDC00D0B255 /* Debug */,
				9963A10D29C0ADDC00D0B255 /* Release */,
			);
			defaultConfigurationIsVisible = 0;
			defaultConfigurationName = Release;
		};
/* End XCConfigurationList section */
	};
	rootObject = 9963A0D929C0ADDA00D0B255 /* Project object */;
}
