// !$*UTF8*$!
{
	archiveVersion = 1;
	classes = {
	};
	objectVersion = 56;
	objects = {

/* Begin PBXBuildFile section */
		996154A429C207C100A5095F /* ExtensionSizeScreen.swift in Sources */ = {isa = PBXBuildFile; fileRef = 996154A329C207C100A5095F /* ExtensionSizeScreen.swift */; };
		996154A729C2091200A5095F /* CustomBackgroundButton.swift in Sources */ = {isa = PBXBuildFile; fileRef = 996154A629C2091200A5095F /* CustomBackgroundButton.swift */; };
		996154A929C20F0300A5095F /* CustomBorderButton.swift in Sources */ = {isa = PBXBuildFile; fileRef = 996154A829C20F0300A5095F /* CustomBorderButton.swift */; };
		996154AB29C213CB00A5095F /* LoginView.swift in Sources */ = {isa = PBXBuildFile; fileRef = 996154AA29C213CB00A5095F /* LoginView.swift */; };
		996154AD29C213D500A5095F /* RegistrationView.swift in Sources */ = {isa = PBXBuildFile; fileRef = 996154AC29C213D500A5095F /* RegistrationView.swift */; };
		996154AF29C2140F00A5095F /* DismissButton.swift in Sources */ = {isa = PBXBuildFile; fileRef = 996154AE29C2140F00A5095F /* DismissButton.swift */; };
		996154B129C2198D00A5095F /* CustomBackgroundTextField.swift in Sources */ = {isa = PBXBuildFile; fileRef = 996154B029C2198D00A5095F /* CustomBackgroundTextField.swift */; };
		996154B329C219F300A5095F /* LoginViewModel.swift in Sources */ = {isa = PBXBuildFile; fileRef = 996154B229C219F300A5095F /* LoginViewModel.swift */; };
		996154B529C21D0500A5095F /* CustomPasswordTextField.swift in Sources */ = {isa = PBXBuildFile; fileRef = 996154B429C21D0500A5095F /* CustomPasswordTextField.swift */; };
		996154B729C227FF00A5095F /* RegistrationViewModel.swift in Sources */ = {isa = PBXBuildFile; fileRef = 996154B629C227FF00A5095F /* RegistrationViewModel.swift */; };
		9963A0E529C0ADDA00D0B255 /* DiplomaApp.swift in Sources */ = {isa = PBXBuildFile; fileRef = 9963A0E429C0ADDA00D0B255 /* DiplomaApp.swift */; };
		9963A0E729C0ADDA00D0B255 /* SplashScreen.swift in Sources */ = {isa = PBXBuildFile; fileRef = 9963A0E629C0ADDA00D0B255 /* SplashScreen.swift */; };
		9963A0E929C0ADDC00D0B255 /* Assets.xcassets in Resources */ = {isa = PBXBuildFile; fileRef = 9963A0E829C0ADDC00D0B255 /* Assets.xcassets */; };
		9963A0EC29C0ADDC00D0B255 /* Preview Assets.xcassets in Resources */ = {isa = PBXBuildFile; fileRef = 9963A0EB29C0ADDC00D0B255 /* Preview Assets.xcassets */; };
		9963A0F629C0ADDC00D0B255 /* DiplomaTests.swift in Sources */ = {isa = PBXBuildFile; fileRef = 9963A0F529C0ADDC00D0B255 /* DiplomaTests.swift */; };
		9963A10029C0ADDC00D0B255 /* DiplomaUITests.swift in Sources */ = {isa = PBXBuildFile; fileRef = 9963A0FF29C0ADDC00D0B255 /* DiplomaUITests.swift */; };
		9963A10229C0ADDC00D0B255 /* DiplomaUITestsLaunchTests.swift in Sources */ = {isa = PBXBuildFile; fileRef = 9963A10129C0ADDC00D0B255 /* DiplomaUITestsLaunchTests.swift */; };
		9963A10F29C0BE4D00D0B255 /* MainView.swift in Sources */ = {isa = PBXBuildFile; fileRef = 9963A10E29C0BE4D00D0B255 /* MainView.swift */; };
		99B3C56729C30E6300FC581D /* BottomSheetView.swift in Sources */ = {isa = PBXBuildFile; fileRef = 99B3C56629C30E6300FC581D /* BottomSheetView.swift */; };
		99B3C56929C319E400FC581D /* CustomCommonTextField.swift in Sources */ = {isa = PBXBuildFile; fileRef = 99B3C56829C319E400FC581D /* CustomCommonTextField.swift */; };
		99B3C56B29C3240100FC581D /* CustomDropDown.swift in Sources */ = {isa = PBXBuildFile; fileRef = 99B3C56A29C3240100FC581D /* CustomDropDown.swift */; };
		99C625D729C0CEDA005C5801 /* AuthorizationView.swift in Sources */ = {isa = PBXBuildFile; fileRef = 99C625D629C0CEDA005C5801 /* AuthorizationView.swift */; };
/* End PBXBuildFile section */

/* Begin PBXContainerItemProxy section */
		9963A0F229C0ADDC00D0B255 /* PBXContainerItemProxy */ = {
			isa = PBXContainerItemProxy;
			containerPortal = 9963A0D929C0ADDA00D0B255 /* Project object */;
			proxyType = 1;
			remoteGlobalIDString = 9963A0E029C0ADDA00D0B255;
			remoteInfo = Diploma;
		};
		9963A0FC29C0ADDC00D0B255 /* PBXContainerItemProxy */ = {
			isa = PBXContainerItemProxy;
			containerPortal = 9963A0D929C0ADDA00D0B255 /* Project object */;
			proxyType = 1;
			remoteGlobalIDString = 9963A0E029C0ADDA00D0B255;
			remoteInfo = Diploma;
		};
/* End PBXContainerItemProxy section */

/* Begin PBXFileReference section */
		996154A329C207C100A5095F /* ExtensionSizeScreen.swift */ = {isa = PBXFileReference; lastKnownFileType = sourcecode.swift; path = ExtensionSizeScreen.swift; sourceTree = "<group>"; };
		996154A629C2091200A5095F /* CustomBackgroundButton.swift */ = {isa = PBXFileReference; lastKnownFileType = sourcecode.swift; path = CustomBackgroundButton.swift; sourceTree = "<group>"; };
		996154A829C20F0300A5095F /* CustomBorderButton.swift */ = {isa = PBXFileReference; lastKnownFileType = sourcecode.swift; path = CustomBorderButton.swift; sourceTree = "<group>"; };
		996154AA29C213CB00A5095F /* LoginView.swift */ = {isa = PBXFileReference; lastKnownFileType = sourcecode.swift; path = LoginView.swift; sourceTree = "<group>"; };
		996154AC29C213D500A5095F /* RegistrationView.swift */ = {isa = PBXFileReference; lastKnownFileType = sourcecode.swift; path = RegistrationView.swift; sourceTree = "<group>"; };
		996154AE29C2140F00A5095F /* DismissButton.swift */ = {isa = PBXFileReference; lastKnownFileType = sourcecode.swift; path = DismissButton.swift; sourceTree = "<group>"; };
		996154B029C2198D00A5095F /* CustomBackgroundTextField.swift */ = {isa = PBXFileReference; lastKnownFileType = sourcecode.swift; path = CustomBackgroundTextField.swift; sourceTree = "<group>"; };
		996154B229C219F300A5095F /* LoginViewModel.swift */ = {isa = PBXFileReference; lastKnownFileType = sourcecode.swift; path = LoginViewModel.swift; sourceTree = "<group>"; };
		996154B429C21D0500A5095F /* CustomPasswordTextField.swift */ = {isa = PBXFileReference; lastKnownFileType = sourcecode.swift; path = CustomPasswordTextField.swift; sourceTree = "<group>"; };
		996154B629C227FF00A5095F /* RegistrationViewModel.swift */ = {isa = PBXFileReference; lastKnownFileType = sourcecode.swift; path = RegistrationViewModel.swift; sourceTree = "<group>"; };
		9963A0E129C0ADDA00D0B255 /* Diploma.app */ = {isa = PBXFileReference; explicitFileType = wrapper.application; includeInIndex = 0; path = Diploma.app; sourceTree = BUILT_PRODUCTS_DIR; };
		9963A0E429C0ADDA00D0B255 /* DiplomaApp.swift */ = {isa = PBXFileReference; lastKnownFileType = sourcecode.swift; path = DiplomaApp.swift; sourceTree = "<group>"; };
		9963A0E629C0ADDA00D0B255 /* SplashScreen.swift */ = {isa = PBXFileReference; lastKnownFileType = sourcecode.swift; path = SplashScreen.swift; sourceTree = "<group>"; };
		9963A0E829C0ADDC00D0B255 /* Assets.xcassets */ = {isa = PBXFileReference; lastKnownFileType = folder.assetcatalog; path = Assets.xcassets; sourceTree = "<group>"; };
		9963A0EB29C0ADDC00D0B255 /* Preview Assets.xcassets */ = {isa = PBXFileReference; lastKnownFileType = folder.assetcatalog; path = "Preview Assets.xcassets"; sourceTree = "<group>"; };
		9963A0F129C0ADDC00D0B255 /* DiplomaTests.xctest */ = {isa = PBXFileReference; explicitFileType = wrapper.cfbundle; includeInIndex = 0; path = DiplomaTests.xctest; sourceTree = BUILT_PRODUCTS_DIR; };
		9963A0F529C0ADDC00D0B255 /* DiplomaTests.swift */ = {isa = PBXFileReference; lastKnownFileType = sourcecode.swift; path = DiplomaTests.swift; sourceTree = "<group>"; };
		9963A0FB29C0ADDC00D0B255 /* DiplomaUITests.xctest */ = {isa = PBXFileReference; explicitFileType = wrapper.cfbundle; includeInIndex = 0; path = DiplomaUITests.xctest; sourceTree = BUILT_PRODUCTS_DIR; };
		9963A0FF29C0ADDC00D0B255 /* DiplomaUITests.swift */ = {isa = PBXFileReference; lastKnownFileType = sourcecode.swift; path = DiplomaUITests.swift; sourceTree = "<group>"; };
		9963A10129C0ADDC00D0B255 /* DiplomaUITestsLaunchTests.swift */ = {isa = PBXFileReference; lastKnownFileType = sourcecode.swift; path = DiplomaUITestsLaunchTests.swift; sourceTree = "<group>"; };
		9963A10E29C0BE4D00D0B255 /* MainView.swift */ = {isa = PBXFileReference; lastKnownFileType = sourcecode.swift; path = MainView.swift; sourceTree = "<group>"; };
		99B3C56629C30E6300FC581D /* BottomSheetView.swift */ = {isa = PBXFileReference; lastKnownFileType = sourcecode.swift; path = BottomSheetView.swift; sourceTree = "<group>"; };
		99B3C56829C319E400FC581D /* CustomCommonTextField.swift */ = {isa = PBXFileReference; lastKnownFileType = sourcecode.swift; path = CustomCommonTextField.swift; sourceTree = "<group>"; };
		99B3C56A29C3240100FC581D /* CustomDropDown.swift */ = {isa = PBXFileReference; lastKnownFileType = sourcecode.swift; path = CustomDropDown.swift; sourceTree = "<group>"; };
		99C625D029C0CDDF005C5801 /* Info.plist */ = {isa = PBXFileReference; lastKnownFileType = text.plist; path = Info.plist; sourceTree = "<group>"; };
		99C625D629C0CEDA005C5801 /* AuthorizationView.swift */ = {isa = PBXFileReference; lastKnownFileType = sourcecode.swift; path = AuthorizationView.swift; sourceTree = "<group>"; };
/* End PBXFileReference section */

/* Begin PBXFrameworksBuildPhase section */
		9963A0DE29C0ADDA00D0B255 /* Frameworks */ = {
			isa = PBXFrameworksBuildPhase;
			buildActionMask = 2147483647;
			files = (
			);
			runOnlyForDeploymentPostprocessing = 0;
		};
		9963A0EE29C0ADDC00D0B255 /* Frameworks */ = {
			isa = PBXFrameworksBuildPhase;
			buildActionMask = 2147483647;
			files = (
			);
			runOnlyForDeploymentPostprocessing = 0;
		};
		9963A0F829C0ADDC00D0B255 /* Frameworks */ = {
			isa = PBXFrameworksBuildPhase;
			buildActionMask = 2147483647;
			files = (
			);
			runOnlyForDeploymentPostprocessing = 0;
		};
/* End PBXFrameworksBuildPhase section */

/* Begin PBXGroup section */
		996154A229C207A800A5095F /* Heplers */ = {
			isa = PBXGroup;
			children = (
				996154A329C207C100A5095F /* ExtensionSizeScreen.swift */,
			);
			path = Heplers;
			sourceTree = "<group>";
		};
		996154A529C208F000A5095F /* Components */ = {
			isa = PBXGroup;
			children = (
				996154A629C2091200A5095F /* CustomBackgroundButton.swift */,
				996154A829C20F0300A5095F /* CustomBorderButton.swift */,
				996154AE29C2140F00A5095F /* DismissButton.swift */,
				996154B029C2198D00A5095F /* CustomBackgroundTextField.swift */,
				996154B429C21D0500A5095F /* CustomPasswordTextField.swift */,
				99B3C56829C319E400FC581D /* CustomCommonTextField.swift */,
				99B3C56A29C3240100FC581D /* CustomDropDown.swift */,
			);
			path = Components;
			sourceTree = "<group>";
		};
		9963A0D829C0ADDA00D0B255 = {
			isa = PBXGroup;
			children = (
				9963A0E329C0ADDA00D0B255 /* Diploma */,
				9963A0F429C0ADDC00D0B255 /* DiplomaTests */,
				9963A0FE29C0ADDC00D0B255 /* DiplomaUITests */,
				9963A0E229C0ADDA00D0B255 /* Products */,
			);
			sourceTree = "<group>";
		};
		9963A0E229C0ADDA00D0B255 /* Products */ = {
			isa = PBXGroup;
			children = (
				9963A0E129C0ADDA00D0B255 /* Diploma.app */,
				9963A0F129C0ADDC00D0B255 /* DiplomaTests.xctest */,
				9963A0FB29C0ADDC00D0B255 /* DiplomaUITests.xctest */,
			);
			name = Products;
			sourceTree = "<group>";
		};
		9963A0E329C0ADDA00D0B255 /* Diploma */ = {
			isa = PBXGroup;
			children = (
				99C625D029C0CDDF005C5801 /* Info.plist */,
				996154A529C208F000A5095F /* Components */,
				996154A229C207A800A5095F /* Heplers */,
				99C625D229C0CEA1005C5801 /* Main */,
				99C625D129C0CE99005C5801 /* Authorization */,
				9963A0E429C0ADDA00D0B255 /* DiplomaApp.swift */,
				9963A0E629C0ADDA00D0B255 /* SplashScreen.swift */,
				9963A0E829C0ADDC00D0B255 /* Assets.xcassets */,
				9963A0EA29C0ADDC00D0B255 /* Preview Content */,
			);
			path = Diploma;
			sourceTree = "<group>";
		};
		9963A0EA29C0ADDC00D0B255 /* Preview Content */ = {
			isa = PBXGroup;
			children = (
				9963A0EB29C0ADDC00D0B255 /* Preview Assets.xcassets */,
			);
			path = "Preview Content";
			sourceTree = "<group>";
		};
		9963A0F429C0ADDC00D0B255 /* DiplomaTests */ = {
			isa = PBXGroup;
			children = (
				9963A0F529C0ADDC00D0B255 /* DiplomaTests.swift */,
			);
			path = DiplomaTests;
			sourceTree = "<group>";
		};
		9963A0FE29C0ADDC00D0B255 /* DiplomaUITests */ = {
			isa = PBXGroup;
			children = (
				9963A0FF29C0ADDC00D0B255 /* DiplomaUITests.swift */,
				9963A10129C0ADDC00D0B255 /* DiplomaUITestsLaunchTests.swift */,
			);
			path = DiplomaUITests;
			sourceTree = "<group>";
		};
		99C625D129C0CE99005C5801 /* Authorization */ = {
			isa = PBXGroup;
			children = (
				99C625D529C0CEC0005C5801 /* Model */,
				99C625D429C0CEBA005C5801 /* ViewModel */,
				99C625D329C0CEB4005C5801 /* View */,
			);
			path = Authorization;
			sourceTree = "<group>";
		};
		99C625D229C0CEA1005C5801 /* Main */ = {
			isa = PBXGroup;
			children = (
				99C625DA29C0CEF7005C5801 /* Model */,
				99C625D929C0CEF1005C5801 /* ViewModel */,
				99C625D829C0CEEC005C5801 /* View */,
			);
			path = Main;
			sourceTree = "<group>";
		};
		99C625D329C0CEB4005C5801 /* View */ = {
			isa = PBXGroup;
			children = (
				99C625D629C0CEDA005C5801 /* AuthorizationView.swift */,
				996154AA29C213CB00A5095F /* LoginView.swift */,
				996154AC29C213D500A5095F /* RegistrationView.swift */,
				99B3C56629C30E6300FC581D /* BottomSheetView.swift */,
			);
			path = View;
			sourceTree = "<group>";
		};
		99C625D429C0CEBA005C5801 /* ViewModel */ = {
			isa = PBXGroup;
			children = (
				996154B229C219F300A5095F /* LoginViewModel.swift */,
				996154B629C227FF00A5095F /* RegistrationViewModel.swift */,
			);
			path = ViewModel;
			sourceTree = "<group>";
		};
		99C625D529C0CEC0005C5801 /* Model */ = {
			isa = PBXGroup;
			children = (
			);
			path = Model;
			sourceTree = "<group>";
		};
		99C625D829C0CEEC005C5801 /* View */ = {
			isa = PBXGroup;
			children = (
				9963A10E29C0BE4D00D0B255 /* MainView.swift */,
			);
			path = View;
			sourceTree = "<group>";
		};
		99C625D929C0CEF1005C5801 /* ViewModel */ = {
			isa = PBXGroup;
			children = (
			);
			path = ViewModel;
			sourceTree = "<group>";
		};
		99C625DA29C0CEF7005C5801 /* Model */ = {
			isa = PBXGroup;
			children = (
			);
			path = Model;
			sourceTree = "<group>";
		};
/* End PBXGroup section */

/* Begin PBXNativeTarget section */
		9963A0E029C0ADDA00D0B255 /* Diploma */ = {
			isa = PBXNativeTarget;
			buildConfigurationList = 9963A10529C0ADDC00D0B255 /* Build configuration list for PBXNativeTarget "Diploma" */;
			buildPhases = (
				9963A0DD29C0ADDA00D0B255 /* Sources */,
				9963A0DE29C0ADDA00D0B255 /* Frameworks */,
				9963A0DF29C0ADDA00D0B255 /* Resources */,
			);
			buildRules = (
			);
			dependencies = (
			);
			name = Diploma;
			productName = Diploma;
			productReference = 9963A0E129C0ADDA00D0B255 /* Diploma.app */;
			productType = "com.apple.product-type.application";
		};
		9963A0F029C0ADDC00D0B255 /* DiplomaTests */ = {
			isa = PBXNativeTarget;
			buildConfigurationList = 9963A10829C0ADDC00D0B255 /* Build configuration list for PBXNativeTarget "DiplomaTests" */;
			buildPhases = (
				9963A0ED29C0ADDC00D0B255 /* Sources */,
				9963A0EE29C0ADDC00D0B255 /* Frameworks */,
				9963A0EF29C0ADDC00D0B255 /* Resources */,
			);
			buildRules = (
			);
			dependencies = (
				9963A0F329C0ADDC00D0B255 /* PBXTargetDependency */,
			);
			name = DiplomaTests;
			productName = DiplomaTests;
			productReference = 9963A0F129C0ADDC00D0B255 /* DiplomaTests.xctest */;
			productType = "com.apple.product-type.bundle.unit-test";
		};
		9963A0FA29C0ADDC00D0B255 /* DiplomaUITests */ = {
			isa = PBXNativeTarget;
			buildConfigurationList = 9963A10B29C0ADDC00D0B255 /* Build configuration list for PBXNativeTarget "DiplomaUITests" */;
			buildPhases = (
				9963A0F729C0ADDC00D0B255 /* Sources */,
				9963A0F829C0ADDC00D0B255 /* Frameworks */,
				9963A0F929C0ADDC00D0B255 /* Resources */,
			);
			buildRules = (
			);
			dependencies = (
				9963A0FD29C0ADDC00D0B255 /* PBXTargetDependency */,
			);
			name = DiplomaUITests;
			productName = DiplomaUITests;
			productReference = 9963A0FB29C0ADDC00D0B255 /* DiplomaUITests.xctest */;
			productType = "com.apple.product-type.bundle.ui-testing";
		};
/* End PBXNativeTarget section */

/* Begin PBXProject section */
		9963A0D929C0ADDA00D0B255 /* Project object */ = {
			isa = PBXProject;
			attributes = {
				BuildIndependentTargetsInParallel = 1;
				LastSwiftUpdateCheck = 1410;
				LastUpgradeCheck = 1410;
				TargetAttributes = {
					9963A0E029C0ADDA00D0B255 = {
						CreatedOnToolsVersion = 14.1;
					};
					9963A0F029C0ADDC00D0B255 = {
						CreatedOnToolsVersion = 14.1;
						TestTargetID = 9963A0E029C0ADDA00D0B255;
					};
					9963A0FA29C0ADDC00D0B255 = {
						CreatedOnToolsVersion = 14.1;
						TestTargetID = 9963A0E029C0ADDA00D0B255;
					};
				};
			};
			buildConfigurationList = 9963A0DC29C0ADDA00D0B255 /* Build configuration list for PBXProject "Diploma" */;
			compatibilityVersion = "Xcode 14.0";
			developmentRegion = en;
			hasScannedForEncodings = 0;
			knownRegions = (
				en,
				Base,
			);
			mainGroup = 9963A0D829C0ADDA00D0B255;
			productRefGroup = 9963A0E229C0ADDA00D0B255 /* Products */;
			projectDirPath = "";
			projectRoot = "";
			targets = (
				9963A0E029C0ADDA00D0B255 /* Diploma */,
				9963A0F029C0ADDC00D0B255 /* DiplomaTests */,
				9963A0FA29C0ADDC00D0B255 /* DiplomaUITests */,
			);
		};
/* End PBXProject section */

/* Begin PBXResourcesBuildPhase section */
		9963A0DF29C0ADDA00D0B255 /* Resources */ = {
			isa = PBXResourcesBuildPhase;
			buildActionMask = 2147483647;
			files = (
				9963A0EC29C0ADDC00D0B255 /* Preview Assets.xcassets in Resources */,
				9963A0E929C0ADDC00D0B255 /* Assets.xcassets in Resources */,
			);
			runOnlyForDeploymentPostprocessing = 0;
		};
		9963A0EF29C0ADDC00D0B255 /* Resources */ = {
			isa = PBXResourcesBuildPhase;
			buildActionMask = 2147483647;
			files = (
			);
			runOnlyForDeploymentPostprocessing = 0;
		};
		9963A0F929C0ADDC00D0B255 /* Resources */ = {
			isa = PBXResourcesBuildPhase;
			buildActionMask = 2147483647;
			files = (
			);
			runOnlyForDeploymentPostprocessing = 0;
		};
/* End PBXResourcesBuildPhase section */

/* Begin PBXSourcesBuildPhase section */
		9963A0DD29C0ADDA00D0B255 /* Sources */ = {
			isa = PBXSourcesBuildPhase;
			buildActionMask = 2147483647;
			files = (
				996154A929C20F0300A5095F /* CustomBorderButton.swift in Sources */,
				996154B129C2198D00A5095F /* CustomBackgroundTextField.swift in Sources */,
				996154B529C21D0500A5095F /* CustomPasswordTextField.swift in Sources */,
				99B3C56929C319E400FC581D /* CustomCommonTextField.swift in Sources */,
				996154B729C227FF00A5095F /* RegistrationViewModel.swift in Sources */,
				99C625D729C0CEDA005C5801 /* AuthorizationView.swift in Sources */,
				9963A0E729C0ADDA00D0B255 /* SplashScreen.swift in Sources */,
				996154AD29C213D500A5095F /* RegistrationView.swift in Sources */,
				99B3C56B29C3240100FC581D /* CustomDropDown.swift in Sources */,
				996154A729C2091200A5095F /* CustomBackgroundButton.swift in Sources */,
				9963A10F29C0BE4D00D0B255 /* MainView.swift in Sources */,
				9963A0E529C0ADDA00D0B255 /* DiplomaApp.swift in Sources */,
				996154B329C219F300A5095F /* LoginViewModel.swift in Sources */,
				99B3C56729C30E6300FC581D /* BottomSheetView.swift in Sources */,
				996154AB29C213CB00A5095F /* LoginView.swift in Sources */,
				996154AF29C2140F00A5095F /* DismissButton.swift in Sources */,
				996154A429C207C100A5095F /* ExtensionSizeScreen.swift in Sources */,
			);
			runOnlyForDeploymentPostprocessing = 0;
		};
		9963A0ED29C0ADDC00D0B255 /* Sources */ = {
			isa = PBXSourcesBuildPhase;
			buildActionMask = 2147483647;
			files = (
				9963A0F629C0ADDC00D0B255 /* DiplomaTests.swift in Sources */,
			);
			runOnlyForDeploymentPostprocessing = 0;
		};
		9963A0F729C0ADDC00D0B255 /* Sources */ = {
			isa = PBXSourcesBuildPhase;
			buildActionMask = 2147483647;
			files = (
				9963A10029C0ADDC00D0B255 /* DiplomaUITests.swift in Sources */,
				9963A10229C0ADDC00D0B255 /* DiplomaUITestsLaunchTests.swift in Sources */,
			);
			runOnlyForDeploymentPostprocessing = 0;
		};
/* End PBXSourcesBuildPhase section */

/* Begin PBXTargetDependency section */
		9963A0F329C0ADDC00D0B255 /* PBXTargetDependency */ = {
			isa = PBXTargetDependency;
			target = 9963A0E029C0ADDA00D0B255 /* Diploma */;
			targetProxy = 9963A0F229C0ADDC00D0B255 /* PBXContainerItemProxy */;
		};
		9963A0FD29C0ADDC00D0B255 /* PBXTargetDependency */ = {
			isa = PBXTargetDependency;
			target = 9963A0E029C0ADDA00D0B255 /* Diploma */;
			targetProxy = 9963A0FC29C0ADDC00D0B255 /* PBXContainerItemProxy */;
		};
/* End PBXTargetDependency section */

/* Begin XCBuildConfiguration section */
		9963A10329C0ADDC00D0B255 /* Debug */ = {
			isa = XCBuildConfiguration;
			buildSettings = {
				ALWAYS_SEARCH_USER_PATHS = NO;
				CLANG_ANALYZER_NONNULL = YES;
				CLANG_ANALYZER_NUMBER_OBJECT_CONVERSION = YES_AGGRESSIVE;
				CLANG_CXX_LANGUAGE_STANDARD = "gnu++20";
				CLANG_ENABLE_MODULES = YES;
				CLANG_ENABLE_OBJC_ARC = YES;
				CLANG_ENABLE_OBJC_WEAK = YES;
				CLANG_WARN_BLOCK_CAPTURE_AUTORELEASING = YES;
				CLANG_WARN_BOOL_CONVERSION = YES;
				CLANG_WARN_COMMA = YES;
				CLANG_WARN_CONSTANT_CONVERSION = YES;
				CLANG_WARN_DEPRECATED_OBJC_IMPLEMENTATIONS = YES;
				CLANG_WARN_DIRECT_OBJC_ISA_USAGE = YES_ERROR;
				CLANG_WARN_DOCUMENTATION_COMMENTS = YES;
				CLANG_WARN_EMPTY_BODY = YES;
				CLANG_WARN_ENUM_CONVERSION = YES;
				CLANG_WARN_INFINITE_RECURSION = YES;
				CLANG_WARN_INT_CONVERSION = YES;
				CLANG_WARN_NON_LITERAL_NULL_CONVERSION = YES;
				CLANG_WARN_OBJC_IMPLICIT_RETAIN_SELF = YES;
				CLANG_WARN_OBJC_LITERAL_CONVERSION = YES;
				CLANG_WARN_OBJC_ROOT_CLASS = YES_ERROR;
				CLANG_WARN_QUOTED_INCLUDE_IN_FRAMEWORK_HEADER = YES;
				CLANG_WARN_RANGE_LOOP_ANALYSIS = YES;
				CLANG_WARN_STRICT_PROTOTYPES = YES;
				CLANG_WARN_SUSPICIOUS_MOVE = YES;
				CLANG_WARN_UNGUARDED_AVAILABILITY = YES_AGGRESSIVE;
				CLANG_WARN_UNREACHABLE_CODE = YES;
				CLANG_WARN__DUPLICATE_METHOD_MATCH = YES;
				COPY_PHASE_STRIP = NO;
				DEBUG_INFORMATION_FORMAT = dwarf;
				ENABLE_STRICT_OBJC_MSGSEND = YES;
				ENABLE_TESTABILITY = YES;
				GCC_C_LANGUAGE_STANDARD = gnu11;
				GCC_DYNAMIC_NO_PIC = NO;
				GCC_NO_COMMON_BLOCKS = YES;
				GCC_OPTIMIZATION_LEVEL = 0;
				GCC_PREPROCESSOR_DEFINITIONS = (
					"DEBUG=1",
					"$(inherited)",
				);
				GCC_WARN_64_TO_32_BIT_CONVERSION = YES;
				GCC_WARN_ABOUT_RETURN_TYPE = YES_ERROR;
				GCC_WARN_UNDECLARED_SELECTOR = YES;
				GCC_WARN_UNINITIALIZED_AUTOS = YES_AGGRESSIVE;
				GCC_WARN_UNUSED_FUNCTION = YES;
				GCC_WARN_UNUSED_VARIABLE = YES;
				IPHONEOS_DEPLOYMENT_TARGET = 16.1;
				MTL_ENABLE_DEBUG_INFO = INCLUDE_SOURCE;
				MTL_FAST_MATH = YES;
				ONLY_ACTIVE_ARCH = YES;
				SDKROOT = iphoneos;
				SWIFT_ACTIVE_COMPILATION_CONDITIONS = DEBUG;
				SWIFT_OPTIMIZATION_LEVEL = "-Onone";
			};
			name = Debug;
		};
		9963A10429C0ADDC00D0B255 /* Release */ = {
			isa = XCBuildConfiguration;
			buildSettings = {
				ALWAYS_SEARCH_USER_PATHS = NO;
				CLANG_ANALYZER_NONNULL = YES;
				CLANG_ANALYZER_NUMBER_OBJECT_CONVERSION = YES_AGGRESSIVE;
				CLANG_CXX_LANGUAGE_STANDARD = "gnu++20";
				CLANG_ENABLE_MODULES = YES;
				CLANG_ENABLE_OBJC_ARC = YES;
				CLANG_ENABLE_OBJC_WEAK = YES;
				CLANG_WARN_BLOCK_CAPTURE_AUTORELEASING = YES;
				CLANG_WARN_BOOL_CONVERSION = YES;
				CLANG_WARN_COMMA = YES;
				CLANG_WARN_CONSTANT_CONVERSION = YES;
				CLANG_WARN_DEPRECATED_OBJC_IMPLEMENTATIONS = YES;
				CLANG_WARN_DIRECT_OBJC_ISA_USAGE = YES_ERROR;
				CLANG_WARN_DOCUMENTATION_COMMENTS = YES;
				CLANG_WARN_EMPTY_BODY = YES;
				CLANG_WARN_ENUM_CONVERSION = YES;
				CLANG_WARN_INFINITE_RECURSION = YES;
				CLANG_WARN_INT_CONVERSION = YES;
				CLANG_WARN_NON_LITERAL_NULL_CONVERSION = YES;
				CLANG_WARN_OBJC_IMPLICIT_RETAIN_SELF = YES;
				CLANG_WARN_OBJC_LITERAL_CONVERSION = YES;
				CLANG_WARN_OBJC_ROOT_CLASS = YES_ERROR;
				CLANG_WARN_QUOTED_INCLUDE_IN_FRAMEWORK_HEADER = YES;
				CLANG_WARN_RANGE_LOOP_ANALYSIS = YES;
				CLANG_WARN_STRICT_PROTOTYPES = YES;
				CLANG_WARN_SUSPICIOUS_MOVE = YES;
				CLANG_WARN_UNGUARDED_AVAILABILITY = YES_AGGRESSIVE;
				CLANG_WARN_UNREACHABLE_CODE = YES;
				CLANG_WARN__DUPLICATE_METHOD_MATCH = YES;
				COPY_PHASE_STRIP = NO;
				DEBUG_INFORMATION_FORMAT = "dwarf-with-dsym";
				ENABLE_NS_ASSERTIONS = NO;
				ENABLE_STRICT_OBJC_MSGSEND = YES;
				GCC_C_LANGUAGE_STANDARD = gnu11;
				GCC_NO_COMMON_BLOCKS = YES;
				GCC_WARN_64_TO_32_BIT_CONVERSION = YES;
				GCC_WARN_ABOUT_RETURN_TYPE = YES_ERROR;
				GCC_WARN_UNDECLARED_SELECTOR = YES;
				GCC_WARN_UNINITIALIZED_AUTOS = YES_AGGRESSIVE;
				GCC_WARN_UNUSED_FUNCTION = YES;
				GCC_WARN_UNUSED_VARIABLE = YES;
				IPHONEOS_DEPLOYMENT_TARGET = 16.1;
				MTL_ENABLE_DEBUG_INFO = NO;
				MTL_FAST_MATH = YES;
				SDKROOT = iphoneos;
				SWIFT_COMPILATION_MODE = wholemodule;
				SWIFT_OPTIMIZATION_LEVEL = "-O";
				VALIDATE_PRODUCT = YES;
			};
			name = Release;
		};
		9963A10629C0ADDC00D0B255 /* Debug */ = {
			isa = XCBuildConfiguration;
			buildSettings = {
				ASSETCATALOG_COMPILER_APPICON_NAME = AppIcon;
				ASSETCATALOG_COMPILER_GLOBAL_ACCENT_COLOR_NAME = AccentColor;
				CODE_SIGN_STYLE = Automatic;
				CURRENT_PROJECT_VERSION = 1;
				DEVELOPMENT_ASSET_PATHS = "\"Diploma/Preview Content\"";
				DEVELOPMENT_TEAM = 84UU59T6MY;
				ENABLE_PREVIEWS = YES;
				GENERATE_INFOPLIST_FILE = YES;
				INFOPLIST_FILE = Diploma/Info.plist;
				INFOPLIST_KEY_UIApplicationSupportsIndirectInputEvents = YES;
				INFOPLIST_KEY_UILaunchScreen_Generation = YES;
				INFOPLIST_KEY_UISupportedInterfaceOrientations = UIInterfaceOrientationPortrait;
				IPHONEOS_DEPLOYMENT_TARGET = 13.0;
				LD_RUNPATH_SEARCH_PATHS = (
					"$(inherited)",
					"@executable_path/Frameworks",
				);
				MARKETING_VERSION = 1.0;
				PRODUCT_BUNDLE_IDENTIFIER = "net.ibs-dunice.Diploma";
				PRODUCT_NAME = "$(TARGET_NAME)";
				SWIFT_EMIT_LOC_STRINGS = YES;
				SWIFT_VERSION = 5.0;
				TARGETED_DEVICE_FAMILY = "1,2";
			};
			name = Debug;
		};
		9963A10729C0ADDC00D0B255 /* Release */ = {
			isa = XCBuildConfiguration;
			buildSettings = {
				ASSETCATALOG_COMPILER_APPICON_NAME = AppIcon;
				ASSETCATALOG_COMPILER_GLOBAL_ACCENT_COLOR_NAME = AccentColor;
				CODE_SIGN_STYLE = Automatic;
				CURRENT_PROJECT_VERSION = 1;
				DEVELOPMENT_ASSET_PATHS = "\"Diploma/Preview Content\"";
				DEVELOPMENT_TEAM = 84UU59T6MY;
				ENABLE_PREVIEWS = YES;
				GENERATE_INFOPLIST_FILE = YES;
				INFOPLIST_FILE = Diploma/Info.plist;
				INFOPLIST_KEY_UIApplicationSupportsIndirectInputEvents = YES;
				INFOPLIST_KEY_UILaunchScreen_Generation = YES;
				INFOPLIST_KEY_UISupportedInterfaceOrientations = UIInterfaceOrientationPortrait;
				IPHONEOS_DEPLOYMENT_TARGET = 13.0;
				LD_RUNPATH_SEARCH_PATHS = (
					"$(inherited)",
					"@executable_path/Frameworks",
				);
				MARKETING_VERSION = 1.0;
				PRODUCT_BUNDLE_IDENTIFIER = "net.ibs-dunice.Diploma";
				PRODUCT_NAME = "$(TARGET_NAME)";
				SWIFT_EMIT_LOC_STRINGS = YES;
				SWIFT_VERSION = 5.0;
				TARGETED_DEVICE_FAMILY = "1,2";
			};
			name = Release;
		};
		9963A10929C0ADDC00D0B255 /* Debug */ = {
			isa = XCBuildConfiguration;
			buildSettings = {
				ALWAYS_EMBED_SWIFT_STANDARD_LIBRARIES = YES;
				BUNDLE_LOADER = "$(TEST_HOST)";
				CODE_SIGN_STYLE = Automatic;
				CURRENT_PROJECT_VERSION = 1;
				DEVELOPMENT_TEAM = 84UU59T6MY;
				GENERATE_INFOPLIST_FILE = YES;
				IPHONEOS_DEPLOYMENT_TARGET = 16.1;
				MARKETING_VERSION = 1.0;
				PRODUCT_BUNDLE_IDENTIFIER = "net.ibs-dunice.DiplomaTests";
				PRODUCT_NAME = "$(TARGET_NAME)";
				SWIFT_EMIT_LOC_STRINGS = NO;
				SWIFT_VERSION = 5.0;
				TARGETED_DEVICE_FAMILY = "1,2";
				TEST_HOST = "$(BUILT_PRODUCTS_DIR)/Diploma.app/$(BUNDLE_EXECUTABLE_FOLDER_PATH)/Diploma";
			};
			name = Debug;
		};
		9963A10A29C0ADDC00D0B255 /* Release */ = {
			isa = XCBuildConfiguration;
			buildSettings = {
				ALWAYS_EMBED_SWIFT_STANDARD_LIBRARIES = YES;
				BUNDLE_LOADER = "$(TEST_HOST)";
				CODE_SIGN_STYLE = Automatic;
				CURRENT_PROJECT_VERSION = 1;
				DEVELOPMENT_TEAM = 84UU59T6MY;
				GENERATE_INFOPLIST_FILE = YES;
				IPHONEOS_DEPLOYMENT_TARGET = 16.1;
				MARKETING_VERSION = 1.0;
				PRODUCT_BUNDLE_IDENTIFIER = "net.ibs-dunice.DiplomaTests";
				PRODUCT_NAME = "$(TARGET_NAME)";
				SWIFT_EMIT_LOC_STRINGS = NO;
				SWIFT_VERSION = 5.0;
				TARGETED_DEVICE_FAMILY = "1,2";
				TEST_HOST = "$(BUILT_PRODUCTS_DIR)/Diploma.app/$(BUNDLE_EXECUTABLE_FOLDER_PATH)/Diploma";
			};
			name = Release;
		};
		9963A10C29C0ADDC00D0B255 /* Debug */ = {
			isa = XCBuildConfiguration;
			buildSettings = {
				ALWAYS_EMBED_SWIFT_STANDARD_LIBRARIES = YES;
				CODE_SIGN_STYLE = Automatic;
				CURRENT_PROJECT_VERSION = 1;
				DEVELOPMENT_TEAM = 84UU59T6MY;
				GENERATE_INFOPLIST_FILE = YES;
				MARKETING_VERSION = 1.0;
				PRODUCT_BUNDLE_IDENTIFIER = "net.ibs-dunice.DiplomaUITests";
				PRODUCT_NAME = "$(TARGET_NAME)";
				SWIFT_EMIT_LOC_STRINGS = NO;
				SWIFT_VERSION = 5.0;
				TARGETED_DEVICE_FAMILY = "1,2";
				TEST_TARGET_NAME = Diploma;
			};
			name = Debug;
		};
		9963A10D29C0ADDC00D0B255 /* Release */ = {
			isa = XCBuildConfiguration;
			buildSettings = {
				ALWAYS_EMBED_SWIFT_STANDARD_LIBRARIES = YES;
				CODE_SIGN_STYLE = Automatic;
				CURRENT_PROJECT_VERSION = 1;
				DEVELOPMENT_TEAM = 84UU59T6MY;
				GENERATE_INFOPLIST_FILE = YES;
				MARKETING_VERSION = 1.0;
				PRODUCT_BUNDLE_IDENTIFIER = "net.ibs-dunice.DiplomaUITests";
				PRODUCT_NAME = "$(TARGET_NAME)";
				SWIFT_EMIT_LOC_STRINGS = NO;
				SWIFT_VERSION = 5.0;
				TARGETED_DEVICE_FAMILY = "1,2";
				TEST_TARGET_NAME = Diploma;
			};
			name = Release;
		};
/* End XCBuildConfiguration section */

/* Begin XCConfigurationList section */
		9963A0DC29C0ADDA00D0B255 /* Build configuration list for PBXProject "Diploma" */ = {
			isa = XCConfigurationList;
			buildConfigurations = (
				9963A10329C0ADDC00D0B255 /* Debug */,
				9963A10429C0ADDC00D0B255 /* Release */,
			);
			defaultConfigurationIsVisible = 0;
			defaultConfigurationName = Release;
		};
		9963A10529C0ADDC00D0B255 /* Build configuration list for PBXNativeTarget "Diploma" */ = {
			isa = XCConfigurationList;
			buildConfigurations = (
				9963A10629C0ADDC00D0B255 /* Debug */,
				9963A10729C0ADDC00D0B255 /* Release */,
			);
			defaultConfigurationIsVisible = 0;
			defaultConfigurationName = Release;
		};
		9963A10829C0ADDC00D0B255 /* Build configuration list for PBXNativeTarget "DiplomaTests" */ = {
			isa = XCConfigurationList;
			buildConfigurations = (
				9963A10929C0ADDC00D0B255 /* Debug */,
				9963A10A29C0ADDC00D0B255 /* Release */,
			);
			defaultConfigurationIsVisible = 0;
			defaultConfigurationName = Release;
		};
		9963A10B29C0ADDC00D0B255 /* Build configuration list for PBXNativeTarget "DiplomaUITests" */ = {
			isa = XCConfigurationList;
			buildConfigurations = (
				9963A10C29C0ADDC00D0B255 /* Debug */,
				9963A10D29C0ADDC00D0B255 /* Release */,
			);
			defaultConfigurationIsVisible = 0;
			defaultConfigurationName = Release;
		};
/* End XCConfigurationList section */
	};
	rootObject = 9963A0D929C0ADDA00D0B255 /* Project object */;
}
